<?xml version="1.0" encoding="utf-8"?>
<Project ToolsVersion="4.0" xmlns="http://schemas.microsoft.com/developer/msbuild/2003">
  <ItemGroup>
    <Filter Include="fly_camera">
      <UniqueIdentifier>{4a042354-9611-4955-bb20-e7e29d1155f7}</UniqueIdentifier>
    </Filter>
    <Filter Include="parsing">
      <UniqueIdentifier>{d4f1ea83-d548-4cff-b26c-5fd67df4fad8}</UniqueIdentifier>
    </Filter>
    <Filter Include="parsing\cmd_args">
      <UniqueIdentifier>{0a8ff88e-1d33-42ab-9b7a-6c21908b460d}</UniqueIdentifier>
    </Filter>
    <Filter Include="parsing\parse">
      <UniqueIdentifier>{77ac5e07-feac-4b08-bfb9-01658cf3b3d0}</UniqueIdentifier>
    </Filter>
    <Filter Include="config">
      <UniqueIdentifier>{eaabfbd8-0210-445b-a87f-368874df2d18}</UniqueIdentifier>
    </Filter>
    <Filter Include="config\config_reader">
      <UniqueIdentifier>{354ee5cb-d2e8-4b88-8853-455f1b4b32a9}</UniqueIdentifier>
    </Filter>
    <Filter Include="config\config_builder">
      <UniqueIdentifier>{53c6bfe8-e3ea-4104-9d83-5fbca87b27c0}</UniqueIdentifier>
    </Filter>
    <Filter Include="engine_threads">
      <UniqueIdentifier>{be082814-ed16-4dfc-bc75-7aa3ae448388}</UniqueIdentifier>
    </Filter>
  </ItemGroup>
  <ItemGroup>
    <ClInclude Include="fly_camera.h">
      <Filter>fly_camera</Filter>
    </ClInclude>
    <ClInclude Include="cmd_args.h">
      <Filter>parsing\cmd_args</Filter>
    </ClInclude>
    <ClInclude Include="cmd_args_inline.h">
      <Filter>parsing\cmd_args</Filter>
    </ClInclude>
    <ClInclude Include="parse.h">
      <Filter>parsing\parse</Filter>
    </ClInclude>
    <ClInclude Include="config_builder.h">
      <Filter>config\config_builder</Filter>
    </ClInclude>
    <ClInclude Include="config_reader.h">
      <Filter>config\config_reader</Filter>
    </ClInclude>
    <ClInclude Include="config_common.h">
      <Filter>config</Filter>
    </ClInclude>
    <ClInclude Include="engine_threads.h">
      <Filter>engine_threads</Filter>
    </ClInclude>
  </ItemGroup>
  <ItemGroup>
    <ClCompile Include="fly_camera.cpp">
      <Filter>fly_camera</Filter>
    </ClCompile>
    <ClCompile Include="cmd_args.cpp">
      <Filter>parsing\cmd_args</Filter>
    </ClCompile>
    <ClCompile Include="parse.cpp">
      <Filter>parsing\parse</Filter>
    </ClCompile>
    <ClCompile Include="config_reader.cpp">
      <Filter>config\config_reader</Filter>
    </ClCompile>
    <ClCompile Include="config_builder.cpp">
      <Filter>config\config_builder</Filter>
    </ClCompile>
    <ClCompile Include="engine_threads.cpp">
      <Filter>engine_threads</Filter>
    </ClCompile>
  </ItemGroup>
</Project>