
Microsoft Visual Studio Solution File, Format Version 12.00
# Visual Studio 15
VisualStudioVersion = 15.0.28010.2019
MinimumVisualStudioVersion = 10.0.40219.1
Project("{8BC9CEB8-8B4A-11D0-8D11-00A0C91BC942}") = "game", "sources\game\game.vcxproj", "{B69D439F-128A-499F-8BA5-D879764B1005}"
	ProjectSection(ProjectDependencies) = postProject
		{BE7CC32B-9C77-4D8B-906C-18D0B39FC35A} = {BE7CC32B-9C77-4D8B-906C-18D0B39FC35A}
		{B7376639-83BD-4434-A00A-7A2551608722} = {B7376639-83BD-4434-A00A-7A2551608722}
		{33FA037A-4BD7-4033-BCFC-F030F5AB47A9} = {33FA037A-4BD7-4033-BCFC-F030F5AB47A9}
	EndProjectSection
EndProject
Project("{8BC9CEB8-8B4A-11D0-8D11-00A0C91BC942}") = "core", "sources\core\core.vcxproj", "{B7376639-83BD-4434-A00A-7A2551608722}"
EndProject
Project("{8BC9CEB8-8B4A-11D0-8D11-00A0C91BC942}") = "resource_compiler", "sources\resource_compiler\resource_compiler.vcxproj", "{BE7CC32B-9C77-4D8B-906C-18D0B39FC35A}"
EndProject
Project("{8BC9CEB8-8B4A-11D0-8D11-00A0C91BC942}") = "render", "sources\render\render.vcxproj", "{58B676B2-5B1B-49E9-A2E4-0B71C90AF057}"
EndProject
Project("{8BC9CEB8-8B4A-11D0-8D11-00A0C91BC942}") = "engine", "sources\engine\engine.vcxproj", "{33FA037A-4BD7-4033-BCFC-F030F5AB47A9}"
	ProjectSection(ProjectDependencies) = postProject
		{B7376639-83BD-4434-A00A-7A2551608722} = {B7376639-83BD-4434-A00A-7A2551608722}
		{58B676B2-5B1B-49E9-A2E4-0B71C90AF057} = {58B676B2-5B1B-49E9-A2E4-0B71C90AF057}
	EndProjectSection
EndProject
Project("{2150E333-8FDC-42A3-9474-1A3956D46DE8}") = "engine", "engine", "{CF44F75B-E9B4-4E1A-87F1-061C8D2067E3}"
EndProject
Project("{8BC9CEB8-8B4A-11D0-8D11-00A0C91BC942}") = "demo", "sources\demo\demo.vcxproj", "{8FC68E87-0715-4B13-9CC8-FB6C8EFF7787}"
EndProject
Project("{8BC9CEB8-8B4A-11D0-8D11-00A0C91BC942}") = "utils", "sources\utils\utils.vcxproj", "{78C80B93-CB8E-43BC-84C3-9F8B1E23A842}"
EndProject
Project("{8BC9CEB8-8B4A-11D0-8D11-00A0C91BC942}") = "ui", "sources\ui\ui.vcxproj", "{63198BD7-C43F-4037-AF08-6AC2F2C206BC}"
EndProject
Project("{8BC9CEB8-8B4A-11D0-8D11-00A0C91BC942}") = "resource_system", "sources\resource_system\resource_system.vcxproj", "{7F2CE0EA-D253-4EEA-BAF1-5E8AE2934A61}"
EndProject
Project("{8BC9CEB8-8B4A-11D0-8D11-00A0C91BC942}") = "resources", "sources\resources\resources.vcxproj", "{9273CB4E-3EA0-4BEE-80C5-F12A9F22308B}"
EndProject
Project("{2150E333-8FDC-42A3-9474-1A3956D46DE8}") = "test", "test", "{8162481A-85DA-4C18-9E08-ED3A2C464CA4}"
EndProject
Project("{8BC9CEB8-8B4A-11D0-8D11-00A0C91BC942}") = "allocator_test", "sources\allocator_test\allocator_test.vcxproj", "{82884E57-837B-4EF3-8370-709D88DEC9C9}"
EndProject
Global
	GlobalSection(SolutionConfigurationPlatforms) = preSolution
		Debug|x64 = Debug|x64
		Release|x64 = Release|x64
	EndGlobalSection
	GlobalSection(ProjectConfigurationPlatforms) = postSolution
		{B69D439F-128A-499F-8BA5-D879764B1005}.Debug|x64.ActiveCfg = Debug|x64
		{B69D439F-128A-499F-8BA5-D879764B1005}.Debug|x64.Build.0 = Debug|x64
		{B69D439F-128A-499F-8BA5-D879764B1005}.Release|x64.ActiveCfg = Release|x64
		{B69D439F-128A-499F-8BA5-D879764B1005}.Release|x64.Build.0 = Release|x64
		{B7376639-83BD-4434-A00A-7A2551608722}.Debug|x64.ActiveCfg = Debug|x64
		{B7376639-83BD-4434-A00A-7A2551608722}.Debug|x64.Build.0 = Debug|x64
		{B7376639-83BD-4434-A00A-7A2551608722}.Release|x64.ActiveCfg = Release|x64
		{B7376639-83BD-4434-A00A-7A2551608722}.Release|x64.Build.0 = Release|x64
		{BE7CC32B-9C77-4D8B-906C-18D0B39FC35A}.Debug|x64.ActiveCfg = Debug|x64
		{BE7CC32B-9C77-4D8B-906C-18D0B39FC35A}.Debug|x64.Build.0 = Debug|x64
		{BE7CC32B-9C77-4D8B-906C-18D0B39FC35A}.Release|x64.ActiveCfg = Release|x64
		{BE7CC32B-9C77-4D8B-906C-18D0B39FC35A}.Release|x64.Build.0 = Release|x64
		{58B676B2-5B1B-49E9-A2E4-0B71C90AF057}.Debug|x64.ActiveCfg = Debug|x64
		{58B676B2-5B1B-49E9-A2E4-0B71C90AF057}.Debug|x64.Build.0 = Debug|x64
		{58B676B2-5B1B-49E9-A2E4-0B71C90AF057}.Release|x64.ActiveCfg = Release|x64
		{58B676B2-5B1B-49E9-A2E4-0B71C90AF057}.Release|x64.Build.0 = Release|x64
		{33FA037A-4BD7-4033-BCFC-F030F5AB47A9}.Debug|x64.ActiveCfg = Debug|x64
		{33FA037A-4BD7-4033-BCFC-F030F5AB47A9}.Debug|x64.Build.0 = Debug|x64
		{33FA037A-4BD7-4033-BCFC-F030F5AB47A9}.Release|x64.ActiveCfg = Release|x64
		{33FA037A-4BD7-4033-BCFC-F030F5AB47A9}.Release|x64.Build.0 = Release|x64
		{8FC68E87-0715-4B13-9CC8-FB6C8EFF7787}.Debug|x64.ActiveCfg = Debug|x64
		{8FC68E87-0715-4B13-9CC8-FB6C8EFF7787}.Debug|x64.Build.0 = Debug|x64
		{8FC68E87-0715-4B13-9CC8-FB6C8EFF7787}.Release|x64.ActiveCfg = Release|x64
		{8FC68E87-0715-4B13-9CC8-FB6C8EFF7787}.Release|x64.Build.0 = Release|x64
		{78C80B93-CB8E-43BC-84C3-9F8B1E23A842}.Debug|x64.ActiveCfg = Debug|x64
		{78C80B93-CB8E-43BC-84C3-9F8B1E23A842}.Debug|x64.Build.0 = Debug|x64
		{78C80B93-CB8E-43BC-84C3-9F8B1E23A842}.Release|x64.ActiveCfg = Release|x64
		{78C80B93-CB8E-43BC-84C3-9F8B1E23A842}.Release|x64.Build.0 = Release|x64
		{63198BD7-C43F-4037-AF08-6AC2F2C206BC}.Debug|x64.ActiveCfg = Debug|x64
		{63198BD7-C43F-4037-AF08-6AC2F2C206BC}.Debug|x64.Build.0 = Debug|x64
		{63198BD7-C43F-4037-AF08-6AC2F2C206BC}.Release|x64.ActiveCfg = Release|x64
		{63198BD7-C43F-4037-AF08-6AC2F2C206BC}.Release|x64.Build.0 = Release|x64
		{7F2CE0EA-D253-4EEA-BAF1-5E8AE2934A61}.Debug|x64.ActiveCfg = Debug|x64
		{7F2CE0EA-D253-4EEA-BAF1-5E8AE2934A61}.Debug|x64.Build.0 = Debug|x64
		{7F2CE0EA-D253-4EEA-BAF1-5E8AE2934A61}.Release|x64.ActiveCfg = Release|x64
		{7F2CE0EA-D253-4EEA-BAF1-5E8AE2934A61}.Release|x64.Build.0 = Release|x64
		{9273CB4E-3EA0-4BEE-80C5-F12A9F22308B}.Debug|x64.ActiveCfg = Debug|x64
		{9273CB4E-3EA0-4BEE-80C5-F12A9F22308B}.Debug|x64.Build.0 = Debug|x64
		{9273CB4E-3EA0-4BEE-80C5-F12A9F22308B}.Release|x64.ActiveCfg = Release|x64
		{9273CB4E-3EA0-4BEE-80C5-F12A9F22308B}.Release|x64.Build.0 = Release|x64
		{82884E57-837B-4EF3-8370-709D88DEC9C9}.Debug|x64.ActiveCfg = Debug|x64
		{82884E57-837B-4EF3-8370-709D88DEC9C9}.Debug|x64.Build.0 = Debug|x64
		{82884E57-837B-4EF3-8370-709D88DEC9C9}.Release|x64.ActiveCfg = Release|x64
		{82884E57-837B-4EF3-8370-709D88DEC9C9}.Release|x64.Build.0 = Release|x64
	EndGlobalSection
	GlobalSection(SolutionProperties) = preSolution
		HideSolutionNode = FALSE
	EndGlobalSection
	GlobalSection(NestedProjects) = preSolution
		{B7376639-83BD-4434-A00A-7A2551608722} = {CF44F75B-E9B4-4E1A-87F1-061C8D2067E3}
		{58B676B2-5B1B-49E9-A2E4-0B71C90AF057} = {CF44F75B-E9B4-4E1A-87F1-061C8D2067E3}
		{33FA037A-4BD7-4033-BCFC-F030F5AB47A9} = {CF44F75B-E9B4-4E1A-87F1-061C8D2067E3}
		{78C80B93-CB8E-43BC-84C3-9F8B1E23A842} = {CF44F75B-E9B4-4E1A-87F1-061C8D2067E3}
		{63198BD7-C43F-4037-AF08-6AC2F2C206BC} = {CF44F75B-E9B4-4E1A-87F1-061C8D2067E3}
		{7F2CE0EA-D253-4EEA-BAF1-5E8AE2934A61} = {CF44F75B-E9B4-4E1A-87F1-061C8D2067E3}
		{9273CB4E-3EA0-4BEE-80C5-F12A9F22308B} = {CF44F75B-E9B4-4E1A-87F1-061C8D2067E3}
		{82884E57-837B-4EF3-8370-709D88DEC9C9} = {8162481A-85DA-4C18-9E08-ED3A2C464CA4}
	EndGlobalSection
	GlobalSection(ExtensibilityGlobals) = postSolution
		SolutionGuid = {93236AE2-963C-4767-B9F2-BDFC1E5D64D1}
	EndGlobalSection
EndGlobal
