<?xml version="1.0" encoding="utf-8"?>
<Project ToolsVersion="4.0" xmlns="http://schemas.microsoft.com/developer/msbuild/2003">
  <ItemGroup>
    <Filter Include="math">
      <UniqueIdentifier>{94bdc342-06bd-47a4-ba96-8d4cc0e700fc}</UniqueIdentifier>
    </Filter>
    <Filter Include="system">
      <UniqueIdentifier>{c8aca1f1-b24e-49e3-8ebb-12e5e62c12ed}</UniqueIdentifier>
    </Filter>
    <Filter Include="system\window">
      <UniqueIdentifier>{0d31a339-4328-4bff-850c-d156dfdee4e0}</UniqueIdentifier>
    </Filter>
    <Filter Include="system\timer">
      <UniqueIdentifier>{6c8255af-79d7-4870-a685-48db5f83c6fc}</UniqueIdentifier>
    </Filter>
    <Filter Include="lib">
      <UniqueIdentifier>{39fdb027-407f-4fc2-b8e2-0b3d835e11ca}</UniqueIdentifier>
    </Filter>
    <Filter Include="lib\array">
      <UniqueIdentifier>{b64a8e45-d7ad-470a-b5fe-3ddf7abb14ae}</UniqueIdentifier>
    </Filter>
    <Filter Include="lib\list">
      <UniqueIdentifier>{03952e0e-8043-47b5-aac6-a90f41986dbc}</UniqueIdentifier>
    </Filter>
    <Filter Include="lib\memory">
      <UniqueIdentifier>{f87a1be5-6340-4c44-9d7e-2dd09a085ae6}</UniqueIdentifier>
    </Filter>
    <Filter Include="lib\string">
      <UniqueIdentifier>{4be3fcf9-f9e0-498f-b571-c0836a163d53}</UniqueIdentifier>
    </Filter>
    <Filter Include="lib\map">
      <UniqueIdentifier>{025c1471-0106-4c7a-8939-2851d44491be}</UniqueIdentifier>
    </Filter>
    <Filter Include="lib\queue">
      <UniqueIdentifier>{6f5bcf6d-f7b6-4e8c-b22a-dda65147df45}</UniqueIdentifier>
    </Filter>
    <Filter Include="system\fs">
      <UniqueIdentifier>{b11925ef-aaa5-4248-9a78-b8cdecf2b306}</UniqueIdentifier>
    </Filter>
    <Filter Include="system\fs\path">
      <UniqueIdentifier>{2275a29b-98ff-4d22-b572-c886b74e087f}</UniqueIdentifier>
    </Filter>
    <Filter Include="system\fs\file">
      <UniqueIdentifier>{a01e2e6f-0baf-412c-89be-9807a5f6dc29}</UniqueIdentifier>
    </Filter>
    <Filter Include="system\threads">
      <UniqueIdentifier>{23b05134-1f20-4175-b204-00e3dc1ffd55}</UniqueIdentifier>
    </Filter>
    <Filter Include="system\threads\thread">
      <UniqueIdentifier>{361eee4f-ab60-45b5-8fa5-1b15070f9057}</UniqueIdentifier>
    </Filter>
    <Filter Include="system\threads\threading_event">
      <UniqueIdentifier>{7b694da7-b212-44b9-bf03-fa58d3c0f6bb}</UniqueIdentifier>
    </Filter>
    <Filter Include="system\threads\interlocked">
      <UniqueIdentifier>{228245d0-c358-42c5-8627-bee6d6b8d673}</UniqueIdentifier>
    </Filter>
    <Filter Include="math\collision">
      <UniqueIdentifier>{5fdc8b69-a335-4f53-8881-b0ab891cf780}</UniqueIdentifier>
    </Filter>
    <Filter Include="math\collision\aabb">
      <UniqueIdentifier>{fd4140ad-9e69-4126-aa99-8c9affc38218}</UniqueIdentifier>
    </Filter>
    <Filter Include="math\collision\frustum">
      <UniqueIdentifier>{b6dd4c58-dc7a-443c-830a-8fa82f8f13e7}</UniqueIdentifier>
    </Filter>
    <Filter Include="math\collision\octree">
      <UniqueIdentifier>{c5a2eee5-523d-4541-8da3-e65dda67c54f}</UniqueIdentifier>
    </Filter>
    <Filter Include="math\collision\bvh">
      <UniqueIdentifier>{8549c605-189d-48d1-9f64-6cedb7d34d91}</UniqueIdentifier>
    </Filter>
    <Filter Include="system\window\input">
      <UniqueIdentifier>{d8142759-0db1-477b-b18e-4aee2953cfe4}</UniqueIdentifier>
    </Filter>
    <Filter Include="lib\memory\allocators">
      <UniqueIdentifier>{7c2385b5-3c29-4ef3-84f4-fce9338847e1}</UniqueIdentifier>
    </Filter>
    <Filter Include="lib\memory\allocators\allocator">
      <UniqueIdentifier>{cca4e846-a787-497a-aa2e-70db531959e0}</UniqueIdentifier>
    </Filter>
    <Filter Include="lib\memory\allocators\pool">
      <UniqueIdentifier>{48ff0b0c-b6ea-4d11-a7e2-02a3c40bff4d}</UniqueIdentifier>
    </Filter>
    <Filter Include="system\fs\file_iterator">
      <UniqueIdentifier>{18708881-f685-4c24-a0ba-bb113101875a}</UniqueIdentifier>
    </Filter>
    <Filter Include="lib\memory\allocators\linear">
      <UniqueIdentifier>{f22a57f1-2324-46f9-b2f9-cc50c4879865}</UniqueIdentifier>
    </Filter>
    <Filter Include="lib\array\buffer_array">
      <UniqueIdentifier>{530c7a45-8665-490d-8de0-b43a8ccee1fe}</UniqueIdentifier>
    </Filter>
    <Filter Include="lib\array\extensible_array">
      <UniqueIdentifier>{a63c3c2d-817e-4009-8be2-447dfeee8cd3}</UniqueIdentifier>
    </Filter>
    <Filter Include="lib\array\fixed_array">
      <UniqueIdentifier>{3ada7f77-c0cf-4c88-a1cd-dfeac19bffa6}</UniqueIdentifier>
    </Filter>
    <Filter Include="lib\rw">
      <UniqueIdentifier>{14f4ca49-603a-4383-a8a0-1f33cef5217b}</UniqueIdentifier>
    </Filter>
    <Filter Include="lib\rw\binary">
      <UniqueIdentifier>{08f4dbf4-196b-424f-a9ba-fc904b430fdb}</UniqueIdentifier>
    </Filter>
    <Filter Include="lib\rw\binary\writer">
      <UniqueIdentifier>{b4877f13-fd7b-4a6b-b831-3d5e01effd1b}</UniqueIdentifier>
    </Filter>
    <Filter Include="lib\rw\binary\reader">
      <UniqueIdentifier>{be6af3e9-98e8-43be-87b3-1375849f23ed}</UniqueIdentifier>
    </Filter>
    <Filter Include="lib\rw\binary\dynamic_writer">
      <UniqueIdentifier>{6f7b6add-5a7f-4a90-8a9c-ab0213a1e703}</UniqueIdentifier>
    </Filter>
    <Filter Include="lib\rw\text">
      <UniqueIdentifier>{5d5f0a45-8373-4a8d-8ba4-e1dc6efbfd56}</UniqueIdentifier>
    </Filter>
    <Filter Include="lib\rw\text\reader">
      <UniqueIdentifier>{c4e72e09-c4fa-4410-8eda-c7dfe84c2e69}</UniqueIdentifier>
    </Filter>
    <Filter Include="lib\rw\text\writer">
      <UniqueIdentifier>{601af03d-6d46-4a77-9f75-93a43f26dc7b}</UniqueIdentifier>
    </Filter>
    <Filter Include="system\threads\structs">
      <UniqueIdentifier>{6f435b7a-5b6a-4d94-9636-531e1c7a5fb4}</UniqueIdentifier>
    </Filter>
    <Filter Include="system\threads\structs\spsc_queue">
      <UniqueIdentifier>{1c0e13e9-8a35-4ac8-810b-2380f460e23b}</UniqueIdentifier>
    </Filter>
    <Filter Include="system\threads\structs\spsc_stream">
      <UniqueIdentifier>{71d38a7c-20e9-4d63-acb9-83cf745545b1}</UniqueIdentifier>
    </Filter>
    <Filter Include="system\threads\structs\mpsc_queue">
      <UniqueIdentifier>{19ececab-17af-403b-b347-1abe4f18e0a3}</UniqueIdentifier>
    </Filter>
    <Filter Include="lib\memory\allocators\temporal">
      <UniqueIdentifier>{a0aa6121-2cf6-4e53-8150-78a436127fd1}</UniqueIdentifier>
    </Filter>
    <Filter Include="lib\memory\allocators\heap">
      <UniqueIdentifier>{6b493b4b-48ee-42e3-93b3-1147f99d98e4}</UniqueIdentifier>
    </Filter>
  </ItemGroup>
  <ItemGroup>
    <ClInclude Include="macros.h" />
    <ClInclude Include="types.h" />
    <ClInclude Include="math\math_3d.h">
      <Filter>math</Filter>
    </ClInclude>
    <ClInclude Include="math\matrix.h">
      <Filter>math</Filter>
    </ClInclude>
    <ClInclude Include="math\quaternion.h">
      <Filter>math</Filter>
    </ClInclude>
    <ClInclude Include="math\vector.h">
      <Filter>math</Filter>
    </ClInclude>
    <ClInclude Include="math\math_sse.h">
      <Filter>math</Filter>
    </ClInclude>
    <ClInclude Include="math\math_common.h">
      <Filter>math</Filter>
    </ClInclude>
    <ClInclude Include="system\timer.h">
      <Filter>system\timer</Filter>
    </ClInclude>
    <ClInclude Include="system\window.h">
      <Filter>system\window</Filter>
    </ClInclude>
    <ClInclude Include="lib\embedded_list.h">
      <Filter>lib\list</Filter>
    </ClInclude>
    <ClInclude Include="lib\embedded_list_inline.h">
      <Filter>lib\list</Filter>
    </ClInclude>
    <ClInclude Include="lib\hash.h">
      <Filter>lib\map</Filter>
    </ClInclude>
    <ClInclude Include="lib\hash_map.h">
      <Filter>lib\map</Filter>
    </ClInclude>
    <ClInclude Include="lib\hash_map_inline.h">
      <Filter>lib\map</Filter>
    </ClInclude>
    <ClInclude Include="lib\std_map.h">
      <Filter>lib\map</Filter>
    </ClInclude>
    <ClInclude Include="lib\std_map_inline.h">
      <Filter>lib\map</Filter>
    </ClInclude>
    <ClInclude Include="lib\memory.h">
      <Filter>lib\memory</Filter>
    </ClInclude>
    <ClInclude Include="lib\queue.h">
      <Filter>lib\queue</Filter>
    </ClInclude>
    <ClInclude Include="lib\queue_inline.h">
      <Filter>lib\queue</Filter>
    </ClInclude>
    <ClInclude Include="lib\alloc_string.h">
      <Filter>lib\string</Filter>
    </ClInclude>
    <ClInclude Include="lib\alloc_string_inline.h">
      <Filter>lib\string</Filter>
    </ClInclude>
    <ClInclude Include="lib\basic_string.h">
      <Filter>lib\string</Filter>
    </ClInclude>
    <ClInclude Include="lib\basic_string_inline.h">
      <Filter>lib\string</Filter>
    </ClInclude>
    <ClInclude Include="lib\fixed_string.h">
      <Filter>lib\string</Filter>
    </ClInclude>
    <ClInclude Include="lib\fixed_string_inline.h">
      <Filter>lib\string</Filter>
    </ClInclude>
    <ClInclude Include="lib\weak_string.h">
      <Filter>lib\string</Filter>
    </ClInclude>
    <ClInclude Include="lib\algorithms.h">
      <Filter>lib</Filter>
    </ClInclude>
    <ClInclude Include="lib\function.h">
      <Filter>lib</Filter>
    </ClInclude>
    <ClInclude Include="system\path.h">
      <Filter>system\fs\path</Filter>
    </ClInclude>
    <ClInclude Include="system\file.h">
      <Filter>system\fs\file</Filter>
    </ClInclude>
    <ClInclude Include="system\path_inline.h">
      <Filter>system\fs\path</Filter>
    </ClInclude>
    <ClInclude Include="lib\weak_string_inline.h">
      <Filter>lib\string</Filter>
    </ClInclude>
    <ClInclude Include="lib\strings.h">
      <Filter>lib\string</Filter>
    </ClInclude>
    <ClInclude Include="system\interlocked.h">
      <Filter>system\threads\interlocked</Filter>
    </ClInclude>
    <ClInclude Include="system\spsc_queue.h">
      <Filter>system\threads\structs\spsc_queue</Filter>
    </ClInclude>
    <ClInclude Include="system\spsc_queue_inline.h">
      <Filter>system\threads\structs\spsc_queue</Filter>
    </ClInclude>
    <ClInclude Include="system\thread.h">
      <Filter>system\threads\thread</Filter>
    </ClInclude>
    <ClInclude Include="system\threading_event.h">
      <Filter>system\threads\threading_event</Filter>
    </ClInclude>
    <ClInclude Include="math\aabb.h">
      <Filter>math\collision\aabb</Filter>
    </ClInclude>
    <ClInclude Include="math\bvh.h">
      <Filter>math\collision\bvh</Filter>
    </ClInclude>
    <ClInclude Include="math\bvh_inline.h">
      <Filter>math\collision\bvh</Filter>
    </ClInclude>
    <ClInclude Include="math\frustum.h">
      <Filter>math\collision\frustum</Filter>
    </ClInclude>
    <ClInclude Include="math\octree.h">
      <Filter>math\collision\octree</Filter>
    </ClInclude>
    <ClInclude Include="math\octree_inline.h">
      <Filter>math\collision\octree</Filter>
    </ClInclude>
    <ClInclude Include="system\input.h">
      <Filter>system\window\input</Filter>
    </ClInclude>
    <ClInclude Include="system\window_input.h">
      <Filter>system\window\input</Filter>
    </ClInclude>
    <ClInclude Include="system\window_input_state.h">
      <Filter>system\window\input</Filter>
    </ClInclude>
    <ClInclude Include="lib\allocator.h">
      <Filter>lib\memory\allocators\allocator</Filter>
    </ClInclude>
    <ClInclude Include="lib\allocator_inline.h">
      <Filter>lib\memory\allocators\allocator</Filter>
    </ClInclude>
    <ClInclude Include="lib\pool.h">
      <Filter>lib\memory\allocators\pool</Filter>
    </ClInclude>
    <ClInclude Include="lib\pool_inline.h">
      <Filter>lib\memory\allocators\pool</Filter>
    </ClInclude>
    <ClInclude Include="lib\poolset.h">
      <Filter>lib\memory\allocators\pool</Filter>
    </ClInclude>
    <ClInclude Include="system\file_iterator.h">
      <Filter>system\fs\file_iterator</Filter>
    </ClInclude>
    <ClInclude Include="lib\linear_allocator.h">
      <Filter>lib\memory\allocators\linear</Filter>
    </ClInclude>
    <ClInclude Include="lib\linear_allocator_inline.h">
      <Filter>lib\memory\allocators\linear</Filter>
    </ClInclude>
    <ClInclude Include="lib\memory_block.h">
      <Filter>lib\memory</Filter>
    </ClInclude>
    <ClInclude Include="lib\buffer_array.h">
      <Filter>lib\array\buffer_array</Filter>
    </ClInclude>
    <ClInclude Include="lib\buffer_array_inline.h">
      <Filter>lib\array\buffer_array</Filter>
    </ClInclude>
    <ClInclude Include="lib\extensible_array.h">
      <Filter>lib\array\extensible_array</Filter>
    </ClInclude>
    <ClInclude Include="lib\extensible_array_inline.h">
      <Filter>lib\array\extensible_array</Filter>
    </ClInclude>
    <ClInclude Include="lib\fixed_array.h">
      <Filter>lib\array\fixed_array</Filter>
    </ClInclude>
    <ClInclude Include="lib\fixed_array_inline.h">
      <Filter>lib\array\fixed_array</Filter>
    </ClInclude>
    <ClInclude Include="system\spsc_stream.h">
      <Filter>system\threads\structs\spsc_stream</Filter>
    </ClInclude>
    <ClInclude Include="lib\text_writer.h">
      <Filter>lib\rw\text\writer</Filter>
    </ClInclude>
    <ClInclude Include="lib\text_reader.h">
      <Filter>lib\rw\text\reader</Filter>
    </ClInclude>
    <ClInclude Include="lib\writer.h">
      <Filter>lib\rw\binary\writer</Filter>
    </ClInclude>
    <ClInclude Include="lib\dynamic_writer.h">
      <Filter>lib\rw\binary\dynamic_writer</Filter>
    </ClInclude>
    <ClInclude Include="lib\reader.h">
      <Filter>lib\rw\binary\reader</Filter>
    </ClInclude>
    <ClInclude Include="system\mpsc_queue.h">
      <Filter>system\threads\structs\mpsc_queue</Filter>
    </ClInclude>
    <ClInclude Include="system\mpsc_queue_inline.h">
      <Filter>system\threads\structs\mpsc_queue</Filter>
    </ClInclude>
    <ClInclude Include="lib\temporal_allocator.h">
      <Filter>lib\memory\allocators\temporal</Filter>
    </ClInclude>
    <ClInclude Include="lib\temporal_allocator_inline.h">
      <Filter>lib\memory\allocators\temporal</Filter>
    </ClInclude>
    <ClInclude Include="lib\separate_arena_temporal_allocator.h">
      <Filter>lib\memory\allocators\temporal</Filter>
    </ClInclude>
    <ClInclude Include="lib\separate_arena_temporal_allocator_inline.h">
      <Filter>lib\memory\allocators\temporal</Filter>
    </ClInclude>
    <ClInclude Include="lib\heap.h">
      <Filter>lib\memory\allocators\heap</Filter>
    </ClInclude>
  </ItemGroup>
  <ItemGroup>
    <ClCompile Include="system\timer.cpp">
      <Filter>system\timer</Filter>
    </ClCompile>
    <ClCompile Include="lib\hash.cpp">
      <Filter>lib\map</Filter>
    </ClCompile>
    <ClCompile Include="lib\alloc_string.cpp">
      <Filter>lib\string</Filter>
    </ClCompile>
    <ClCompile Include="lib\weak_string.cpp">
      <Filter>lib\string</Filter>
    </ClCompile>
    <ClCompile Include="system\path.cpp">
      <Filter>system\fs\path</Filter>
    </ClCompile>
    <ClCompile Include="system\file.cpp">
      <Filter>system\fs\file</Filter>
    </ClCompile>
    <ClCompile Include="system\window.cpp">
      <Filter>system\window</Filter>
    </ClCompile>
    <ClCompile Include="macros.cpp" />
    <ClCompile Include="lib\strings.cpp">
      <Filter>lib\string</Filter>
    </ClCompile>
    <ClCompile Include="system\interlocked.cpp">
      <Filter>system\threads\interlocked</Filter>
    </ClCompile>
    <ClCompile Include="system\thread.cpp">
      <Filter>system\threads\thread</Filter>
    </ClCompile>
    <ClCompile Include="system\threading_event.cpp">
      <Filter>system\threads\threading_event</Filter>
    </ClCompile>
    <ClCompile Include="math\aabb.cpp">
      <Filter>math\collision\aabb</Filter>
    </ClCompile>
    <ClCompile Include="math\frustum.cpp">
      <Filter>math\collision\frustum</Filter>
    </ClCompile>
    <ClCompile Include="system\input.cpp">
      <Filter>system\window\input</Filter>
    </ClCompile>
    <ClCompile Include="system\window_input.cpp">
      <Filter>system\window\input</Filter>
    </ClCompile>
    <ClCompile Include="system\window_input_state.cpp">
      <Filter>system\window\input</Filter>
    </ClCompile>
    <ClCompile Include="lib\allocator.cpp">
      <Filter>lib\memory\allocators\allocator</Filter>
    </ClCompile>
    <ClCompile Include="system\file_iterator.cpp">
      <Filter>system\fs\file_iterator</Filter>
    </ClCompile>
    <ClCompile Include="system\spsc_stream.cpp">
      <Filter>system\threads\structs\spsc_stream</Filter>
    </ClCompile>
    <ClCompile Include="lib\text_writer.cpp">
      <Filter>lib\rw\text\writer</Filter>
    </ClCompile>
    <ClCompile Include="lib\text_reader.cpp">
      <Filter>lib\rw\text\reader</Filter>
    </ClCompile>
    <ClCompile Include="lib\writer.cpp">
      <Filter>lib\rw\binary\writer</Filter>
    </ClCompile>
    <ClCompile Include="lib\dynamic_writer.cpp">
      <Filter>lib\rw\binary\dynamic_writer</Filter>
    </ClCompile>
    <ClCompile Include="lib\reader.cpp">
      <Filter>lib\rw\binary\reader</Filter>
    </ClCompile>
    <ClCompile Include="lib\heap.cpp">
      <Filter>lib\memory\allocators\heap</Filter>
    </ClCompile>
  </ItemGroup>
</Project>