<?xml version="1.0" encoding="utf-8"?>
<Project ToolsVersion="4.0" xmlns="http://schemas.microsoft.com/developer/msbuild/2003">
  <ItemGroup>
    <Filter Include="utils">
      <UniqueIdentifier>{7e5d33f3-8012-4d93-9aed-ccc8bd8e5b30}</UniqueIdentifier>
    </Filter>
    <Filter Include="utils\font">
      <UniqueIdentifier>{3c641960-a6e6-4d95-867e-2a9983ba7e3a}</UniqueIdentifier>
    </Filter>
    <Filter Include="utils\text_edit_controller">
      <UniqueIdentifier>{c9ee5674-67d8-4b7b-b42b-9a0097a78364}</UniqueIdentifier>
    </Filter>
    <Filter Include="console">
      <UniqueIdentifier>{8f948314-e340-4c40-8d46-1d439ca0b769}</UniqueIdentifier>
    </Filter>
  </ItemGroup>
  <ItemGroup>
    <ClInclude Include="font.h">
      <Filter>utils\font</Filter>
    </ClInclude>
    <ClInclude Include="text_edit_controller.h">
      <Filter>utils\text_edit_controller</Filter>
    </ClInclude>
    <ClInclude Include="console.h">
      <Filter>console</Filter>
    </ClInclude>
    <ClInclude Include="console_inline.h">
      <Filter>console</Filter>
    </ClInclude>
  </ItemGroup>
  <ItemGroup>
    <ClCompile Include="font.cpp">
      <Filter>utils\font</Filter>
    </ClCompile>
    <ClCompile Include="text_edit_controller.cpp">
      <Filter>utils\text_edit_controller</Filter>
    </ClCompile>
    <ClCompile Include="console.cpp">
      <Filter>console</Filter>
    </ClCompile>
  </ItemGroup>
</Project>