<?xml version="1.0" encoding="utf-8"?>
<Project ToolsVersion="4.0" xmlns="http://schemas.microsoft.com/developer/msbuild/2003">
  <ItemGroup>
    <Filter Include="threads">
      <UniqueIdentifier>{0f1a02ca-c1f4-4392-b638-bdb502e5aada}</UniqueIdentifier>
    </Filter>
    <Filter Include="threads\task_queue">
      <UniqueIdentifier>{1c0e13e9-8a35-4ac8-810b-2380f460e23b}</UniqueIdentifier>
    </Filter>
    <Filter Include="math">
      <UniqueIdentifier>{94bdc342-06bd-47a4-ba96-8d4cc0e700fc}</UniqueIdentifier>
    </Filter>
    <Filter Include="game">
      <UniqueIdentifier>{c166c768-2b7c-40af-acc9-9e84ee09925c}</UniqueIdentifier>
    </Filter>
    <Filter Include="game\collision">
      <UniqueIdentifier>{5fdc8b69-a335-4f53-8881-b0ab891cf780}</UniqueIdentifier>
    </Filter>
    <Filter Include="game\collision\aabb">
      <UniqueIdentifier>{fd4140ad-9e69-4126-aa99-8c9affc38218}</UniqueIdentifier>
    </Filter>
    <Filter Include="game\config">
      <UniqueIdentifier>{14f4ca49-603a-4383-a8a0-1f33cef5217b}</UniqueIdentifier>
    </Filter>
    <Filter Include="game\camera">
      <UniqueIdentifier>{099c42dc-0a2d-40ba-9bcb-543368d5bd44}</UniqueIdentifier>
    </Filter>
    <Filter Include="game\collision\frustum">
      <UniqueIdentifier>{b6dd4c58-dc7a-443c-830a-8fa82f8f13e7}</UniqueIdentifier>
    </Filter>
    <Filter Include="game\timer">
      <UniqueIdentifier>{6c8255af-79d7-4870-a685-48db5f83c6fc}</UniqueIdentifier>
    </Filter>
    <Filter Include="game\collision\octree">
      <UniqueIdentifier>{c5a2eee5-523d-4541-8da3-e65dda67c54f}</UniqueIdentifier>
    </Filter>
    <Filter Include="std">
      <UniqueIdentifier>{39fdb027-407f-4fc2-b8e2-0b3d835e11ca}</UniqueIdentifier>
    </Filter>
    <Filter Include="std\string">
      <UniqueIdentifier>{3cdb0e93-0c75-4eaf-abf6-b6903025c0b6}</UniqueIdentifier>
    </Filter>
    <Filter Include="std\map">
      <UniqueIdentifier>{866e97cc-9238-45cc-862a-cc0c2e1fb4f5}</UniqueIdentifier>
    </Filter>
    <Filter Include="std\list">
      <UniqueIdentifier>{de59356c-7fc2-4e13-a77a-b70106dfd1f0}</UniqueIdentifier>
    </Filter>
    <Filter Include="std\array">
      <UniqueIdentifier>{f365ffde-71f7-47ca-ab92-d3b21cb4af27}</UniqueIdentifier>
    </Filter>
    <Filter Include="std\memory">
      <UniqueIdentifier>{a9833a9e-6a82-463b-9985-54241350fb0a}</UniqueIdentifier>
    </Filter>
  </ItemGroup>
  <ItemGroup>
    <ClInclude Include="macros.h" />
    <ClInclude Include="types.h" />
    <ClInclude Include="threads\interlocked.h">
      <Filter>threads</Filter>
    </ClInclude>
    <ClInclude Include="threads\thread.h">
      <Filter>threads</Filter>
    </ClInclude>
    <ClInclude Include="structs\fixed_string.h">
      <Filter>std\string</Filter>
    </ClInclude>
    <ClInclude Include="structs\fixed_string_inline.h">
      <Filter>std\string</Filter>
    </ClInclude>
    <ClInclude Include="structs\allocator.h">
      <Filter>std\memory</Filter>
    </ClInclude>
    <ClInclude Include="structs\allocator_inline.h">
      <Filter>std\memory</Filter>
    </ClInclude>
    <ClInclude Include="structs\alloc_string.h">
      <Filter>std\string</Filter>
    </ClInclude>
    <ClInclude Include="structs\alloc_string_inline.h">
      <Filter>std\string</Filter>
    </ClInclude>
    <ClInclude Include="structs\std_map.h">
      <Filter>std\map</Filter>
    </ClInclude>
    <ClInclude Include="structs\std_map_inline.h">
      <Filter>std\map</Filter>
    </ClInclude>
    <ClInclude Include="structs\basic_string.h">
      <Filter>std\string</Filter>
    </ClInclude>
    <ClInclude Include="structs\weak_string.h">
      <Filter>std\string</Filter>
    </ClInclude>
    <ClInclude Include="threads\task_queue.h">
      <Filter>threads\task_queue</Filter>
    </ClInclude>
    <ClInclude Include="threads\task_queue_inline.h">
      <Filter>threads\task_queue</Filter>
    </ClInclude>
    <ClInclude Include="threads.h">
      <Filter>threads</Filter>
    </ClInclude>
    <ClInclude Include="structs\embedded_list.h">
      <Filter>std\list</Filter>
    </ClInclude>
    <ClInclude Include="structs\embedded_list_inline.h">
      <Filter>std\list</Filter>
    </ClInclude>
    <ClInclude Include="math\math_3d.h">
      <Filter>math</Filter>
    </ClInclude>
    <ClInclude Include="math\matrix.h">
      <Filter>math</Filter>
    </ClInclude>
    <ClInclude Include="math\quaternion.h">
      <Filter>math</Filter>
    </ClInclude>
    <ClInclude Include="math\vector.h">
      <Filter>math</Filter>
    </ClInclude>
    <ClInclude Include="math\math_sse.h">
      <Filter>math</Filter>
    </ClInclude>
    <ClInclude Include="math.h">
      <Filter>math</Filter>
    </ClInclude>
    <ClInclude Include="game\camera.h">
      <Filter>game\camera</Filter>
    </ClInclude>
    <ClInclude Include="game.h">
      <Filter>game</Filter>
    </ClInclude>
    <ClInclude Include="structs\array.h">
      <Filter>std\array</Filter>
    </ClInclude>
    <ClInclude Include="structs\array_inline.h">
      <Filter>std\array</Filter>
    </ClInclude>
    <ClInclude Include="game\config.h">
      <Filter>game\config</Filter>
    </ClInclude>
    <ClInclude Include="game\aabb.h">
      <Filter>game\collision\aabb</Filter>
    </ClInclude>
    <ClInclude Include="game\aabb_inline.h">
      <Filter>game\collision\aabb</Filter>
    </ClInclude>
    <ClInclude Include="game\timer.h">
      <Filter>game\timer</Filter>
    </ClInclude>
    <ClInclude Include="math\math_common.h">
      <Filter>math</Filter>
    </ClInclude>
    <ClInclude Include="game\frustum.h">
      <Filter>game\collision\frustum</Filter>
    </ClInclude>
    <ClInclude Include="game\octree.h">
      <Filter>game\collision\octree</Filter>
    </ClInclude>
    <ClInclude Include="game\octree_inline.h">
      <Filter>game\collision\octree</Filter>
    </ClInclude>
    <ClInclude Include="structs\heap.h">
      <Filter>std\memory</Filter>
    </ClInclude>
    <ClInclude Include="structs\heap_inline.h">
      <Filter>std\memory</Filter>
    </ClInclude>
    <ClInclude Include="std.h">
      <Filter>std</Filter>
    </ClInclude>
  </ItemGroup>
  <ItemGroup>
    <ClCompile Include="threads\thread.cpp">
      <Filter>threads</Filter>
    </ClCompile>
    <ClCompile Include="threads\task_queue.cpp">
      <Filter>threads\task_queue</Filter>
    </ClCompile>
    <ClCompile Include="structs\basic_string.cpp">
      <Filter>std\string</Filter>
    </ClCompile>
    <ClCompile Include="structs\weak_string.cpp">
      <Filter>std\string</Filter>
    </ClCompile>
    <ClCompile Include="structs\alloc_string.cpp">
      <Filter>std\string</Filter>
    </ClCompile>
    <ClCompile Include="game\camera.cpp">
      <Filter>game\camera</Filter>
    </ClCompile>
    <ClCompile Include="game\config.cpp">
      <Filter>game\config</Filter>
    </ClCompile>
    <ClCompile Include="game\aabb.cpp">
      <Filter>game\collision\aabb</Filter>
    </ClCompile>
    <ClCompile Include="game\timer.cpp">
      <Filter>game\timer</Filter>
    </ClCompile>
    <ClCompile Include="game\frustum.cpp">
      <Filter>game\collision\frustum</Filter>
    </ClCompile>
  </ItemGroup>
</Project>