<?xml version="1.0" encoding="utf-8"?>
<Project ToolsVersion="4.0" xmlns="http://schemas.microsoft.com/developer/msbuild/2003">
  <ItemGroup>
    <Filter Include="threads">
      <UniqueIdentifier>{0f1a02ca-c1f4-4392-b638-bdb502e5aada}</UniqueIdentifier>
    </Filter>
    <Filter Include="threads\task_queue">
      <UniqueIdentifier>{1c0e13e9-8a35-4ac8-810b-2380f460e23b}</UniqueIdentifier>
    </Filter>
    <Filter Include="math">
      <UniqueIdentifier>{94bdc342-06bd-47a4-ba96-8d4cc0e700fc}</UniqueIdentifier>
    </Filter>
    <Filter Include="game">
      <UniqueIdentifier>{c166c768-2b7c-40af-acc9-9e84ee09925c}</UniqueIdentifier>
    </Filter>
    <Filter Include="game\collision">
      <UniqueIdentifier>{5fdc8b69-a335-4f53-8881-b0ab891cf780}</UniqueIdentifier>
    </Filter>
    <Filter Include="game\collision\aabb">
      <UniqueIdentifier>{fd4140ad-9e69-4126-aa99-8c9affc38218}</UniqueIdentifier>
    </Filter>
    <Filter Include="game\config">
      <UniqueIdentifier>{14f4ca49-603a-4383-a8a0-1f33cef5217b}</UniqueIdentifier>
    </Filter>
    <Filter Include="game\camera">
      <UniqueIdentifier>{099c42dc-0a2d-40ba-9bcb-543368d5bd44}</UniqueIdentifier>
    </Filter>
    <Filter Include="game\collision\frustum">
      <UniqueIdentifier>{b6dd4c58-dc7a-443c-830a-8fa82f8f13e7}</UniqueIdentifier>
    </Filter>
    <Filter Include="game\collision\octree">
      <UniqueIdentifier>{c5a2eee5-523d-4541-8da3-e65dda67c54f}</UniqueIdentifier>
    </Filter>
    <Filter Include="std">
      <UniqueIdentifier>{39fdb027-407f-4fc2-b8e2-0b3d835e11ca}</UniqueIdentifier>
    </Filter>
    <Filter Include="std\array">
      <UniqueIdentifier>{b64a8e45-d7ad-470a-b5fe-3ddf7abb14ae}</UniqueIdentifier>
    </Filter>
    <Filter Include="std\list">
      <UniqueIdentifier>{03952e0e-8043-47b5-aac6-a90f41986dbc}</UniqueIdentifier>
    </Filter>
    <Filter Include="std\memory">
      <UniqueIdentifier>{f87a1be5-6340-4c44-9d7e-2dd09a085ae6}</UniqueIdentifier>
    </Filter>
    <Filter Include="std\string">
      <UniqueIdentifier>{4be3fcf9-f9e0-498f-b571-c0836a163d53}</UniqueIdentifier>
    </Filter>
    <Filter Include="std\map">
      <UniqueIdentifier>{025c1471-0106-4c7a-8939-2851d44491be}</UniqueIdentifier>
    </Filter>
    <Filter Include="game\collision\bvh">
      <UniqueIdentifier>{8549c605-189d-48d1-9f64-6cedb7d34d91}</UniqueIdentifier>
    </Filter>
    <Filter Include="threads\api">
      <UniqueIdentifier>{23b05134-1f20-4175-b204-00e3dc1ffd55}</UniqueIdentifier>
    </Filter>
    <Filter Include="threads\api\thread">
      <UniqueIdentifier>{361eee4f-ab60-45b5-8fa5-1b15070f9057}</UniqueIdentifier>
    </Filter>
    <Filter Include="threads\api\threading_event">
      <UniqueIdentifier>{7b694da7-b212-44b9-bf03-fa58d3c0f6bb}</UniqueIdentifier>
    </Filter>
    <Filter Include="system">
      <UniqueIdentifier>{c8aca1f1-b24e-49e3-8ebb-12e5e62c12ed}</UniqueIdentifier>
    </Filter>
    <Filter Include="system\window">
      <UniqueIdentifier>{0d31a339-4328-4bff-850c-d156dfdee4e0}</UniqueIdentifier>
    </Filter>
    <Filter Include="system\timer">
      <UniqueIdentifier>{6c8255af-79d7-4870-a685-48db5f83c6fc}</UniqueIdentifier>
    </Filter>
    <Filter Include="threads\api\interlocked">
      <UniqueIdentifier>{228245d0-c358-42c5-8627-bee6d6b8d673}</UniqueIdentifier>
    </Filter>
  </ItemGroup>
  <ItemGroup>
    <ClInclude Include="macros.h" />
    <ClInclude Include="types.h" />
    <ClInclude Include="threads\task_queue.h">
      <Filter>threads\task_queue</Filter>
    </ClInclude>
    <ClInclude Include="threads\task_queue_inline.h">
      <Filter>threads\task_queue</Filter>
    </ClInclude>
    <ClInclude Include="threads.h">
      <Filter>threads</Filter>
    </ClInclude>
    <ClInclude Include="math\math_3d.h">
      <Filter>math</Filter>
    </ClInclude>
    <ClInclude Include="math\matrix.h">
      <Filter>math</Filter>
    </ClInclude>
    <ClInclude Include="math\quaternion.h">
      <Filter>math</Filter>
    </ClInclude>
    <ClInclude Include="math\vector.h">
      <Filter>math</Filter>
    </ClInclude>
    <ClInclude Include="math\math_sse.h">
      <Filter>math</Filter>
    </ClInclude>
    <ClInclude Include="math.h">
      <Filter>math</Filter>
    </ClInclude>
    <ClInclude Include="game\camera.h">
      <Filter>game\camera</Filter>
    </ClInclude>
    <ClInclude Include="game.h">
      <Filter>game</Filter>
    </ClInclude>
    <ClInclude Include="game\config.h">
      <Filter>game\config</Filter>
    </ClInclude>
    <ClInclude Include="game\aabb.h">
      <Filter>game\collision\aabb</Filter>
    </ClInclude>
    <ClInclude Include="game\aabb_inline.h">
      <Filter>game\collision\aabb</Filter>
    </ClInclude>
    <ClInclude Include="math\math_common.h">
      <Filter>math</Filter>
    </ClInclude>
    <ClInclude Include="game\frustum.h">
      <Filter>game\collision\frustum</Filter>
    </ClInclude>
    <ClInclude Include="game\octree.h">
      <Filter>game\collision\octree</Filter>
    </ClInclude>
    <ClInclude Include="game\octree_inline.h">
      <Filter>game\collision\octree</Filter>
    </ClInclude>
    <ClInclude Include="std.h">
      <Filter>std</Filter>
    </ClInclude>
    <ClInclude Include="std\array.h">
      <Filter>std\array</Filter>
    </ClInclude>
    <ClInclude Include="std\array_inline.h">
      <Filter>std\array</Filter>
    </ClInclude>
    <ClInclude Include="std\embedded_list.h">
      <Filter>std\list</Filter>
    </ClInclude>
    <ClInclude Include="std\embedded_list_inline.h">
      <Filter>std\list</Filter>
    </ClInclude>
    <ClInclude Include="std\allocator.h">
      <Filter>std\memory</Filter>
    </ClInclude>
    <ClInclude Include="std\allocator_inline.h">
      <Filter>std\memory</Filter>
    </ClInclude>
    <ClInclude Include="std\std_map.h">
      <Filter>std\map</Filter>
    </ClInclude>
    <ClInclude Include="std\std_map_inline.h">
      <Filter>std\map</Filter>
    </ClInclude>
    <ClInclude Include="std\alloc_string.h">
      <Filter>std\string</Filter>
    </ClInclude>
    <ClInclude Include="std\alloc_string_inline.h">
      <Filter>std\string</Filter>
    </ClInclude>
    <ClInclude Include="std\basic_string.h">
      <Filter>std\string</Filter>
    </ClInclude>
    <ClInclude Include="std\fixed_string.h">
      <Filter>std\string</Filter>
    </ClInclude>
    <ClInclude Include="std\fixed_string_inline.h">
      <Filter>std\string</Filter>
    </ClInclude>
    <ClInclude Include="std\weak_string.h">
      <Filter>std\string</Filter>
    </ClInclude>
    <ClInclude Include="std\algorithms.h">
      <Filter>std</Filter>
    </ClInclude>
    <ClInclude Include="game\bvh.h">
      <Filter>game\collision\bvh</Filter>
    </ClInclude>
    <ClInclude Include="game\bvh_inline.h">
      <Filter>game\collision\bvh</Filter>
    </ClInclude>
    <ClInclude Include="std\memory.h">
      <Filter>std\memory</Filter>
    </ClInclude>
    <ClInclude Include="std\pool.h">
      <Filter>std\memory</Filter>
    </ClInclude>
    <ClInclude Include="std\pool_inline.h">
      <Filter>std\memory</Filter>
    </ClInclude>
    <ClInclude Include="std\poolset.h">
      <Filter>std\memory</Filter>
    </ClInclude>
    <ClInclude Include="std\function.h">
      <Filter>std</Filter>
    </ClInclude>
    <ClInclude Include="threads\thread.h">
      <Filter>threads\api\thread</Filter>
    </ClInclude>
    <ClInclude Include="threads\threading_event.h">
      <Filter>threads\api\threading_event</Filter>
    </ClInclude>
    <ClInclude Include="system\timer.h">
      <Filter>system\timer</Filter>
    </ClInclude>
    <ClInclude Include="system\window.h">
      <Filter>system\window</Filter>
    </ClInclude>
    <ClInclude Include="system\window_inline.h">
      <Filter>system\window</Filter>
    </ClInclude>
    <ClInclude Include="system.h">
      <Filter>system</Filter>
    </ClInclude>
    <ClInclude Include="game\text_config.h">
      <Filter>game\config</Filter>
    </ClInclude>
    <ClInclude Include="std\basic_string_inline.h">
      <Filter>std\string</Filter>
    </ClInclude>
    <ClInclude Include="threads\interlocked.h">
      <Filter>threads\api\interlocked</Filter>
    </ClInclude>
    <ClInclude Include="std\hash.h">
      <Filter>std\map</Filter>
    </ClInclude>
  </ItemGroup>
  <ItemGroup>
    <ClCompile Include="game\camera.cpp">
      <Filter>game\camera</Filter>
    </ClCompile>
    <ClCompile Include="game\config.cpp">
      <Filter>game\config</Filter>
    </ClCompile>
    <ClCompile Include="game\aabb.cpp">
      <Filter>game\collision\aabb</Filter>
    </ClCompile>
    <ClCompile Include="game\frustum.cpp">
      <Filter>game\collision\frustum</Filter>
    </ClCompile>
    <ClCompile Include="std\alloc_string.cpp">
      <Filter>std\string</Filter>
    </ClCompile>
    <ClCompile Include="std\weak_string.cpp">
      <Filter>std\string</Filter>
    </ClCompile>
    <ClCompile Include="threads\thread.cpp">
      <Filter>threads\api\thread</Filter>
    </ClCompile>
    <ClCompile Include="threads\threading_event.cpp">
      <Filter>threads\api\threading_event</Filter>
    </ClCompile>
    <ClCompile Include="system\timer.cpp">
      <Filter>system\timer</Filter>
    </ClCompile>
    <ClCompile Include="game\text_config.cpp">
      <Filter>game\config</Filter>
    </ClCompile>
    <ClCompile Include="std\allocator.cpp">
      <Filter>std\memory</Filter>
    </ClCompile>
    <ClCompile Include="threads\interlocked.cpp" />
    <ClCompile Include="std\hash.cpp">
      <Filter>std\map</Filter>
    </ClCompile>
  </ItemGroup>
</Project>