<?xml version="1.0" encoding="utf-8"?>
<Project ToolsVersion="4.0" xmlns="http://schemas.microsoft.com/developer/msbuild/2003">
  <ItemGroup>
    <Filter Include="dx">
      <UniqueIdentifier>{e51c383d-1a04-4499-b836-cc44ead02f9e}</UniqueIdentifier>
    </Filter>
    <Filter Include="dx\buffers">
      <UniqueIdentifier>{c06b87df-219a-4078-9784-5cd8eb449881}</UniqueIdentifier>
    </Filter>
    <Filter Include="dx\textures">
      <UniqueIdentifier>{38f4217e-2009-4283-9345-da0a342f6e8c}</UniqueIdentifier>
    </Filter>
    <Filter Include="dx\shaders">
      <UniqueIdentifier>{8da9df3c-45ea-474f-ac1a-75d7bfa96a50}</UniqueIdentifier>
    </Filter>
    <Filter Include="dx\samplers">
      <UniqueIdentifier>{75582400-4a11-4e8e-86f3-4e44d82bc51c}</UniqueIdentifier>
    </Filter>
    <Filter Include="dx\pipeline_states">
      <UniqueIdentifier>{39c278d2-ec4d-497b-a0dd-fd497ce3ee85}</UniqueIdentifier>
    </Filter>
    <Filter Include="renderer">
      <UniqueIdentifier>{e6497ef8-4add-4ef2-afe5-ee3441bfe369}</UniqueIdentifier>
    </Filter>
    <Filter Include="renderer\stages">
      <UniqueIdentifier>{6b425e7d-630f-4f17-b377-bbdf4b5a6ace}</UniqueIdentifier>
    </Filter>
    <Filter Include="renderer\stages\stage_prepare_objects">
      <UniqueIdentifier>{8a1818f9-340e-4452-b0d9-701b8ea2d1be}</UniqueIdentifier>
    </Filter>
    <Filter Include="renderer\stages\stage_forward_default">
      <UniqueIdentifier>{7f4964f9-35e6-46ee-b824-79cda62804b0}</UniqueIdentifier>
    </Filter>
    <Filter Include="dx\resource_views">
      <UniqueIdentifier>{8975af85-d900-4d60-83b1-f4dcae1dc6d5}</UniqueIdentifier>
    </Filter>
    <Filter Include="scene">
      <UniqueIdentifier>{719d7485-28d0-4d4a-93f7-53d6da82a78b}</UniqueIdentifier>
    </Filter>
    <Filter Include="scene\objects">
      <UniqueIdentifier>{526509c8-6a01-49ee-89c8-d91b57821df3}</UniqueIdentifier>
    </Filter>
    <Filter Include="scene\objects\render_objects">
      <UniqueIdentifier>{b1f208cd-18d8-46d6-a67b-846fc231bcd0}</UniqueIdentifier>
    </Filter>
    <Filter Include="scene\objects\render_objects\mesh">
      <UniqueIdentifier>{7d72011f-3a23-40b6-8736-f7009806af6b}</UniqueIdentifier>
    </Filter>
    <Filter Include="scene\objects\render_objects\point_light">
      <UniqueIdentifier>{5609ff8c-ca3e-4c8a-94b3-aa23e4158c6a}</UniqueIdentifier>
    </Filter>
    <Filter Include="scene\objects\render_objects\direct_light">
      <UniqueIdentifier>{c2a3f8e8-c5fa-46ed-8170-7e6411a8b77e}</UniqueIdentifier>
    </Filter>
    <Filter Include="resources">
      <UniqueIdentifier>{47b5c29a-60d0-41ab-aae5-01004173494d}</UniqueIdentifier>
    </Filter>
    <Filter Include="parameters">
      <UniqueIdentifier>{4b88d307-b9a3-4448-bdde-d732f2d1be7a}</UniqueIdentifier>
    </Filter>
    <Filter Include="api">
      <UniqueIdentifier>{46484c15-51a2-4ab6-9977-1442fc94a676}</UniqueIdentifier>
    </Filter>
    <Filter Include="renderer\utils">
      <UniqueIdentifier>{262c3621-63c8-49b1-a9be-21aadac36d90}</UniqueIdentifier>
    </Filter>
    <Filter Include="renderer\utils\effect">
      <UniqueIdentifier>{c65cf6f1-6559-4e03-942d-0c4b541d5cf1}</UniqueIdentifier>
    </Filter>
    <Filter Include="renderer\utils\render_target">
      <UniqueIdentifier>{979b6059-b267-4258-8dfd-7b395ab2bc7a}</UniqueIdentifier>
    </Filter>
    <Filter Include="renderer\utils\statistics">
      <UniqueIdentifier>{75e0e44d-68ab-468c-a27c-4dd1636fec3d}</UniqueIdentifier>
    </Filter>
    <Filter Include="resources\shared_resources">
      <UniqueIdentifier>{8a9c3af5-6811-4560-9474-0667fede5ade}</UniqueIdentifier>
    </Filter>
    <Filter Include="resources\utils">
      <UniqueIdentifier>{5ec71823-04a8-4e89-b6aa-64b0a9660b0f}</UniqueIdentifier>
    </Filter>
    <Filter Include="resources\utils\mesh_data">
      <UniqueIdentifier>{eaa926bc-c319-407c-85c3-cc487ec72bf3}</UniqueIdentifier>
    </Filter>
    <Filter Include="resources\utils\pipeline_state_pool">
      <UniqueIdentifier>{2b9e7b2e-7c22-4145-af95-d3014cc8af04}</UniqueIdentifier>
    </Filter>
    <Filter Include="resources\utils\render_object_allocator">
      <UniqueIdentifier>{670cc264-7622-4f51-b2f5-663c51a6cacd}</UniqueIdentifier>
    </Filter>
    <Filter Include="resources\utils\shaders">
      <UniqueIdentifier>{789593d5-6fdb-48fd-bf51-9c27973a34bc}</UniqueIdentifier>
    </Filter>
    <Filter Include="resources\utils\shaders\shader_container">
      <UniqueIdentifier>{5bced0eb-8110-44cf-9da9-09b8eb2b6102}</UniqueIdentifier>
    </Filter>
    <Filter Include="resources\utils\resource_pool">
      <UniqueIdentifier>{536c8528-fad1-4329-9683-932d1c8b41ea}</UniqueIdentifier>
    </Filter>
    <Filter Include="resources\shared_resources\mesh">
      <UniqueIdentifier>{4e227022-127a-43c4-ac56-aa129687dece}</UniqueIdentifier>
    </Filter>
    <Filter Include="resources\shared_resources\models">
      <UniqueIdentifier>{603cb7ff-9713-4322-857b-78e8f21e0031}</UniqueIdentifier>
    </Filter>
    <Filter Include="resources\shared_resources\models\mesh">
      <UniqueIdentifier>{613d9a55-9122-48ac-8045-77d5b423bb92}</UniqueIdentifier>
    </Filter>
    <Filter Include="resources\shared_resources\texture">
      <UniqueIdentifier>{cb4972b5-da99-462e-beb8-06f068e53dd3}</UniqueIdentifier>
    </Filter>
    <Filter Include="resources\utils\input_layout">
      <UniqueIdentifier>{ed10ca64-0681-428c-89ce-096aef007663}</UniqueIdentifier>
    </Filter>
  </ItemGroup>
  <ItemGroup>
    <ClCompile Include="buffer.cpp">
      <Filter>dx\buffers</Filter>
    </ClCompile>
    <ClCompile Include="render_core.cpp" />
    <ClCompile Include="input_layout.cpp">
      <Filter>resources\utils\input_layout</Filter>
    </ClCompile>
    <ClCompile Include="shader.cpp">
      <Filter>dx\shaders</Filter>
    </ClCompile>
    <ClCompile Include="sampler.cpp">
      <Filter>dx\samplers</Filter>
    </ClCompile>
    <ClCompile Include="pipeline_state.cpp">
      <Filter>dx\pipeline_states</Filter>
    </ClCompile>
    <ClCompile Include="effect.cpp">
      <Filter>renderer\utils\effect</Filter>
    </ClCompile>
    <ClCompile Include="render_targets.cpp">
      <Filter>renderer\utils\render_target</Filter>
    </ClCompile>
    <ClCompile Include="renderer.cpp">
      <Filter>renderer</Filter>
    </ClCompile>
    <ClCompile Include="render_object_mesh.cpp">
      <Filter>scene\objects\render_objects\mesh</Filter>
    </ClCompile>
    <ClCompile Include="stage_prepare_objects.cpp">
      <Filter>renderer\stages\stage_prepare_objects</Filter>
    </ClCompile>
    <ClCompile Include="stage_forward_default.cpp">
      <Filter>renderer\stages\stage_forward_default</Filter>
    </ClCompile>
    <ClCompile Include="game_object.cpp">
      <Filter>scene\objects</Filter>
    </ClCompile>
    <ClCompile Include="render_api.cpp">
      <Filter>api</Filter>
    </ClCompile>
    <ClCompile Include="render_scene.cpp">
      <Filter>scene</Filter>
    </ClCompile>
    <ClCompile Include="render_resources.cpp">
      <Filter>resources</Filter>
    </ClCompile>
    <ClCompile Include="render_parameters.cpp">
      <Filter>parameters</Filter>
    </ClCompile>
    <ClCompile Include="mesh.cpp">
      <Filter>resources\shared_resources\mesh</Filter>
    </ClCompile>
    <ClCompile Include="constant_buffer.cpp">
      <Filter>dx\buffers</Filter>
    </ClCompile>
    <ClCompile Include="pipeline_state_pool.cpp">
      <Filter>resources\utils\pipeline_state_pool</Filter>
    </ClCompile>
    <ClCompile Include="texture.cpp">
      <Filter>resources\shared_resources\texture</Filter>
    </ClCompile>
    <ClCompile Include="texture1d.cpp">
      <Filter>dx\textures</Filter>
    </ClCompile>
    <ClCompile Include="texture2d.cpp">
      <Filter>dx\textures</Filter>
    </ClCompile>
    <ClCompile Include="texture3d.cpp">
      <Filter>dx\textures</Filter>
    </ClCompile>
    <ClCompile Include="resource_views.cpp">
      <Filter>dx\resource_views</Filter>
    </ClCompile>
    <ClCompile Include="profiler.cpp">
      <Filter>renderer\utils\statistics</Filter>
    </ClCompile>
    <ClCompile Include="shader_containers.cpp">
      <Filter>resources\utils\shaders</Filter>
    </ClCompile>
    <ClCompile Include="render_model_mesh.cpp">
      <Filter>resources\shared_resources\models\mesh</Filter>
    </ClCompile>
  </ItemGroup>
  <ItemGroup>
    <ClInclude Include="buffer.h">
      <Filter>dx\buffers</Filter>
    </ClInclude>
    <ClInclude Include="render_core.h" />
    <ClInclude Include="input_layout.h">
      <Filter>resources\utils\input_layout</Filter>
    </ClInclude>
    <ClInclude Include="shader.h">
      <Filter>dx\shaders</Filter>
    </ClInclude>
    <ClInclude Include="sampler.h">
      <Filter>dx\samplers</Filter>
    </ClInclude>
    <ClInclude Include="pipeline_state.h">
      <Filter>dx\pipeline_states</Filter>
    </ClInclude>
    <ClInclude Include="resource_pool.h">
      <Filter>resources\utils\resource_pool</Filter>
    </ClInclude>
    <ClInclude Include="resource_pool_inline.h">
      <Filter>resources\utils\resource_pool</Filter>
    </ClInclude>
    <ClInclude Include="effect.h">
      <Filter>renderer\utils\effect</Filter>
    </ClInclude>
    <ClInclude Include="render_targets.h">
      <Filter>renderer\utils\render_target</Filter>
    </ClInclude>
    <ClInclude Include="renderer.h">
      <Filter>renderer</Filter>
    </ClInclude>
    <ClInclude Include="render_object_mesh.h">
      <Filter>scene\objects\render_objects\mesh</Filter>
    </ClInclude>
    <ClInclude Include="stage_prepare_objects.h">
      <Filter>renderer\stages\stage_prepare_objects</Filter>
    </ClInclude>
    <ClInclude Include="stage_forward_default.h">
      <Filter>renderer\stages\stage_forward_default</Filter>
    </ClInclude>
    <ClInclude Include="stages.h">
      <Filter>renderer\stages</Filter>
    </ClInclude>
    <ClInclude Include="render_object.h">
      <Filter>scene\objects</Filter>
    </ClInclude>
    <ClInclude Include="game_object.h">
      <Filter>scene\objects</Filter>
    </ClInclude>
    <ClInclude Include="render_api.h">
      <Filter>api</Filter>
    </ClInclude>
    <ClInclude Include="render_scene.h">
      <Filter>scene</Filter>
    </ClInclude>
    <ClInclude Include="render_resources.h">
      <Filter>resources</Filter>
    </ClInclude>
    <ClInclude Include="render_parameters.h">
      <Filter>parameters</Filter>
    </ClInclude>
    <ClInclude Include="mesh.h">
      <Filter>resources\shared_resources\mesh</Filter>
    </ClInclude>
    <ClInclude Include="constant_buffer.h">
      <Filter>dx\buffers</Filter>
    </ClInclude>
    <ClInclude Include="constant_buffer_inline.h">
      <Filter>dx\buffers</Filter>
    </ClInclude>
    <ClInclude Include="pipeline_state_pool.h">
      <Filter>resources\utils\pipeline_state_pool</Filter>
    </ClInclude>
    <ClInclude Include="effect_inline.h">
      <Filter>renderer\utils\effect</Filter>
    </ClInclude>
    <ClInclude Include="render_object_allocator_inline.h">
      <Filter>resources\utils\render_object_allocator</Filter>
    </ClInclude>
    <ClInclude Include="render_object_allocator.h">
      <Filter>resources\utils\render_object_allocator</Filter>
    </ClInclude>
    <ClInclude Include="texture.h">
      <Filter>resources\shared_resources\texture</Filter>
    </ClInclude>
    <ClInclude Include="texture1d.h">
      <Filter>dx\textures</Filter>
    </ClInclude>
    <ClInclude Include="texture2d.h">
      <Filter>dx\textures</Filter>
    </ClInclude>
    <ClInclude Include="texture3d.h">
      <Filter>dx\textures</Filter>
    </ClInclude>
    <ClInclude Include="resource_views.h">
      <Filter>dx\resource_views</Filter>
    </ClInclude>
    <ClInclude Include="mesh_quad.h">
      <Filter>resources\utils\mesh_data</Filter>
    </ClInclude>
    <ClInclude Include="mesh_box.h">
      <Filter>resources\utils\mesh_data</Filter>
    </ClInclude>
    <ClInclude Include="profiler.h">
      <Filter>renderer\utils\statistics</Filter>
    </ClInclude>
    <ClInclude Include="shader_container.h">
      <Filter>resources\utils\shaders\shader_container</Filter>
    </ClInclude>
    <ClInclude Include="shader_container_inline.h">
      <Filter>resources\utils\shaders\shader_container</Filter>
    </ClInclude>
    <ClInclude Include="shader_and_input_layout_container.h">
      <Filter>resources\utils\shaders\shader_container</Filter>
    </ClInclude>
    <ClInclude Include="shader_and_input_layout_container_inline.h">
      <Filter>resources\utils\shaders\shader_container</Filter>
    </ClInclude>
    <ClInclude Include="shader_containers.h">
      <Filter>resources\utils\shaders</Filter>
    </ClInclude>
    <ClInclude Include="render_model_mesh.h">
      <Filter>resources\shared_resources\models\mesh</Filter>
    </ClInclude>
    <ClInclude Include="constant_buffers_constants.h">
      <Filter>resources</Filter>
    </ClInclude>
    <ClInclude Include="dx_include.h">
      <Filter>dx</Filter>
    </ClInclude>
  </ItemGroup>
</Project>