<?xml version="1.0" encoding="utf-8"?>
<Project ToolsVersion="4.0" xmlns="http://schemas.microsoft.com/developer/msbuild/2003">
  <ItemGroup>
    <Filter Include="resource_sytem">
      <UniqueIdentifier>{b61cf63f-82f6-4f22-9b3e-ce536c0ea649}</UniqueIdentifier>
    </Filter>
    <Filter Include="api">
      <UniqueIdentifier>{ecb27fd6-b421-4450-8ca0-6d38b2d8970b}</UniqueIdentifier>
    </Filter>
    <Filter Include="resource_sytem\resource_cook">
      <UniqueIdentifier>{eedce478-693f-420a-bf5a-4f79c0cce535}</UniqueIdentifier>
    </Filter>
    <Filter Include="resource_sytem\queried_resources">
      <UniqueIdentifier>{58096ac1-98a8-44a1-abe2-8e80c0ee5d49}</UniqueIdentifier>
    </Filter>
    <Filter Include="resource">
      <UniqueIdentifier>{1fa0bfb6-f341-4118-b13f-00ce83fdabdc}</UniqueIdentifier>
    </Filter>
    <Filter Include="resource\shared_resource">
      <UniqueIdentifier>{9f1d1b7b-b05f-4c02-9f2f-3dea6031e2ac}</UniqueIdentifier>
    </Filter>
    <Filter Include="resource\shared_resource\shared_resource_cook">
      <UniqueIdentifier>{105ac93c-4ac5-4b72-830e-d0b53a48c46b}</UniqueIdentifier>
    </Filter>
    <Filter Include="resource\shared_resource\shared_resource_ptr">
      <UniqueIdentifier>{69c458da-3223-4478-b03d-e56dbbdc925e}</UniqueIdentifier>
    </Filter>
    <Filter Include="resource\default_resource">
      <UniqueIdentifier>{9834a19a-7f56-46f8-8f9b-629ae32fdb1b}</UniqueIdentifier>
    </Filter>
    <Filter Include="resource\default_resource\default_resource_ptr">
      <UniqueIdentifier>{a17af3b1-c12a-49fd-b9a3-341b01a6400d}</UniqueIdentifier>
    </Filter>
    <Filter Include="resource\shared_resource\shared_resource_container_allocator">
      <UniqueIdentifier>{7690e463-d478-4de7-8a50-56c13854f86b}</UniqueIdentifier>
    </Filter>
    <Filter Include="resource\singleton_resource">
      <UniqueIdentifier>{bcda45ec-0907-4c49-bf51-0a63a24c1e6f}</UniqueIdentifier>
    </Filter>
    <Filter Include="resource_sytem\resource_creator">
      <UniqueIdentifier>{e9383377-4fee-4c6b-96cf-4e2fd6e54f15}</UniqueIdentifier>
    </Filter>
  </ItemGroup>
  <ItemGroup>
    <ClInclude Include="queried_resources.h">
      <Filter>resource_sytem\queried_resources</Filter>
    </ClInclude>
    <ClInclude Include="queried_resources_inline.h">
      <Filter>resource_sytem\queried_resources</Filter>
    </ClInclude>
    <ClInclude Include="resource_system.h">
      <Filter>resource_sytem</Filter>
    </ClInclude>
    <ClInclude Include="resource_system_types.h">
      <Filter>resource_sytem</Filter>
    </ClInclude>
    <ClInclude Include="api.h">
      <Filter>api</Filter>
    </ClInclude>
    <ClInclude Include="api_inline.h">
      <Filter>api</Filter>
    </ClInclude>
    <ClInclude Include="resource_cook.h">
      <Filter>resource_sytem\resource_cook</Filter>
    </ClInclude>
    <ClInclude Include="resource_handle.h">
      <Filter>resource</Filter>
    </ClInclude>
    <ClInclude Include="shared_resource.h">
      <Filter>resource\shared_resource</Filter>
    </ClInclude>
    <ClInclude Include="shared_resource_cook.h">
      <Filter>resource\shared_resource\shared_resource_cook</Filter>
    </ClInclude>
    <ClInclude Include="shared_resource_cook_inline.h">
      <Filter>resource\shared_resource\shared_resource_cook</Filter>
    </ClInclude>
    <ClInclude Include="default_resource.h">
      <Filter>resource\default_resource</Filter>
    </ClInclude>
    <ClInclude Include="default_resource_cook.h">
      <Filter>resource\default_resource</Filter>
    </ClInclude>
    <ClInclude Include="shared_resource_types.h">
      <Filter>resource\shared_resource</Filter>
    </ClInclude>
    <ClInclude Include="shared_resource_ptr.h">
      <Filter>resource\shared_resource\shared_resource_ptr</Filter>
    </ClInclude>
    <ClInclude Include="shared_resource_ptr_inline.h">
      <Filter>resource\shared_resource\shared_resource_ptr</Filter>
    </ClInclude>
    <ClInclude Include="default_resource_ptr.h">
      <Filter>resource\default_resource\default_resource_ptr</Filter>
    </ClInclude>
    <ClInclude Include="default_resource_ptr_inline.h">
      <Filter>resource\default_resource\default_resource_ptr</Filter>
    </ClInclude>
    <ClInclude Include="resource.h">
      <Filter>resource</Filter>
    </ClInclude>
    <ClInclude Include="shared_resource_container_inline.h">
      <Filter>resource\shared_resource</Filter>
    </ClInclude>
    <ClInclude Include="shared_resource_inline.h">
      <Filter>resource\shared_resource</Filter>
    </ClInclude>
    <ClInclude Include="resource_system_utils.h">
      <Filter>resource_sytem</Filter>
    </ClInclude>
    <ClInclude Include="shared_resource_container_allocator.h">
      <Filter>resource\shared_resource\shared_resource_container_allocator</Filter>
    </ClInclude>
    <ClInclude Include="singleton_resource.h">
      <Filter>resource\singleton_resource</Filter>
    </ClInclude>
    <ClInclude Include="resource_creator.h">
      <Filter>resource_sytem\resource_creator</Filter>
    </ClInclude>
  </ItemGroup>
  <ItemGroup>
    <ClCompile Include="queried_resources.cpp">
      <Filter>resource_sytem\queried_resources</Filter>
    </ClCompile>
    <ClCompile Include="resource_system.cpp">
      <Filter>resource_sytem</Filter>
    </ClCompile>
    <ClCompile Include="api.cpp">
      <Filter>api</Filter>
    </ClCompile>
    <ClCompile Include="resource_cook.cpp">
      <Filter>resource_sytem\resource_cook</Filter>
    </ClCompile>
    <ClCompile Include="resource.cpp">
      <Filter>resource</Filter>
    </ClCompile>
    <ClCompile Include="shared_resource_container_allocator.cpp">
      <Filter>resource\shared_resource\shared_resource_container_allocator</Filter>
    </ClCompile>
    <ClCompile Include="resource_creator.cpp">
      <Filter>resource_sytem\resource_creator</Filter>
    </ClCompile>
  </ItemGroup>
</Project>