<?xml version="1.0" encoding="utf-8"?>
<Project ToolsVersion="4.0" xmlns="http://schemas.microsoft.com/developer/msbuild/2003">
  <ItemGroup>
    <Filter Include="parameters">
      <UniqueIdentifier>{4b88d307-b9a3-4448-bdde-d732f2d1be7a}</UniqueIdentifier>
    </Filter>
    <Filter Include="dx12">
      <UniqueIdentifier>{0d77dd66-d2c6-493e-8f52-0c1e6793ce32}</UniqueIdentifier>
    </Filter>
    <Filter Include="render">
      <UniqueIdentifier>{9d229988-923d-41d9-99c0-974688865ab5}</UniqueIdentifier>
    </Filter>
    <Filter Include="dx12\wrappers">
      <UniqueIdentifier>{73e180fd-0666-43bc-8a0a-8182ed7d8b74}</UniqueIdentifier>
    </Filter>
    <Filter Include="dx12\wrappers\heap">
      <UniqueIdentifier>{63879682-e7b5-4217-9412-2094043bbaf7}</UniqueIdentifier>
    </Filter>
    <Filter Include="dx12\wrappers\dx12">
      <UniqueIdentifier>{ab6b33f9-23d4-4750-a61f-963dfd40740f}</UniqueIdentifier>
    </Filter>
    <Filter Include="dx12\wrappers\dx">
      <UniqueIdentifier>{396a6fdb-d85d-480b-a0bb-c228d04bd832}</UniqueIdentifier>
    </Filter>
    <Filter Include="dx12\wrappers\descriptor_heap">
      <UniqueIdentifier>{850ae3c7-f182-46fe-b493-c59c98ea8980}</UniqueIdentifier>
    </Filter>
    <Filter Include="dx12\wrappers\command_signature">
      <UniqueIdentifier>{cb8c0eb7-b1d3-4748-83b1-20ddbbadab20}</UniqueIdentifier>
    </Filter>
    <Filter Include="dx12\wrappers\command_list">
      <UniqueIdentifier>{d346a607-1bed-42e7-b6b3-ef4d493508c0}</UniqueIdentifier>
    </Filter>
    <Filter Include="dx12\wrappers\command_allocator">
      <UniqueIdentifier>{0da6acf4-d5a0-4013-81c7-a1ff632b0de2}</UniqueIdentifier>
    </Filter>
    <Filter Include="dx12\wrappers\pipeline_state">
      <UniqueIdentifier>{491ae74a-6d8b-4d3c-aadb-1dd08db3e3ed}</UniqueIdentifier>
    </Filter>
    <Filter Include="dx12\wrappers\resource">
      <UniqueIdentifier>{265d70c9-fd80-4147-94cc-0b38a1d22163}</UniqueIdentifier>
    </Filter>
    <Filter Include="dx12\wrappers\root_signature">
      <UniqueIdentifier>{13617e26-1a72-4095-9ed5-0526eba4569b}</UniqueIdentifier>
    </Filter>
    <Filter Include="dx12\utils">
      <UniqueIdentifier>{cfe69b90-2e66-4539-88f4-f6ccdb75669d}</UniqueIdentifier>
    </Filter>
    <Filter Include="dx12\utils\pipeline_state">
      <UniqueIdentifier>{9e1e6db6-c9ec-4b3a-9359-6ee4903fefcb}</UniqueIdentifier>
    </Filter>
    <Filter Include="dx12\utils\pipeline_state\shader_cook">
      <UniqueIdentifier>{cf150dde-3566-47e9-8d29-b46c5dd30b35}</UniqueIdentifier>
    </Filter>
    <Filter Include="dx12\utils\uploader">
      <UniqueIdentifier>{b778a57f-2396-4486-b447-5796771dd0b6}</UniqueIdentifier>
    </Filter>
    <Filter Include="dx12\wrappers\fence">
      <UniqueIdentifier>{9f80a4b9-bd17-4e1b-bef2-8dc4f5e83a7c}</UniqueIdentifier>
    </Filter>
    <Filter Include="resources">
      <UniqueIdentifier>{47b5c29a-60d0-41ab-aae5-01004173494d}</UniqueIdentifier>
    </Filter>
    <Filter Include="resources\classes">
      <UniqueIdentifier>{8a9c3af5-6811-4560-9474-0667fede5ade}</UniqueIdentifier>
    </Filter>
    <Filter Include="resources\classes\scene">
      <UniqueIdentifier>{719d7485-28d0-4d4a-93f7-53d6da82a78b}</UniqueIdentifier>
    </Filter>
    <Filter Include="resources\classes\scene\cook">
      <UniqueIdentifier>{2c5e96b5-d3dd-438f-b43b-6185364ee120}</UniqueIdentifier>
    </Filter>
    <Filter Include="resources\classes\object">
      <UniqueIdentifier>{f010f546-653c-4858-b531-7208da401f2a}</UniqueIdentifier>
    </Filter>
    <Filter Include="resources\classes\object\render_objects">
      <UniqueIdentifier>{526509c8-6a01-49ee-89c8-d91b57821df3}</UniqueIdentifier>
    </Filter>
    <Filter Include="resources\classes\object\render_objects\direct_light">
      <UniqueIdentifier>{c2a3f8e8-c5fa-46ed-8170-7e6411a8b77e}</UniqueIdentifier>
    </Filter>
    <Filter Include="resources\classes\object\render_objects\mesh">
      <UniqueIdentifier>{7d72011f-3a23-40b6-8736-f7009806af6b}</UniqueIdentifier>
    </Filter>
    <Filter Include="resources\classes\object\render_objects\point_light">
      <UniqueIdentifier>{5609ff8c-ca3e-4c8a-94b3-aa23e4158c6a}</UniqueIdentifier>
    </Filter>
    <Filter Include="resources\classes\object\cook">
      <UniqueIdentifier>{3e47a8eb-79cc-46b1-9e14-b7115e12de63}</UniqueIdentifier>
    </Filter>
    <Filter Include="resources\classes\dx">
      <UniqueIdentifier>{97159f5b-69b4-4320-aa36-8bd5dd785f7a}</UniqueIdentifier>
    </Filter>
    <Filter Include="resources\classes\dx\mesh">
      <UniqueIdentifier>{4e227022-127a-43c4-ac56-aa129687dece}</UniqueIdentifier>
    </Filter>
    <Filter Include="resources\classes\dx\mesh\cook">
      <UniqueIdentifier>{d14116db-025f-450e-a88a-9e33ae3d5fef}</UniqueIdentifier>
    </Filter>
    <Filter Include="resources\classes\dx\mesh\cook\default_mesh_data">
      <UniqueIdentifier>{eaa926bc-c319-407c-85c3-cc487ec72bf3}</UniqueIdentifier>
    </Filter>
    <Filter Include="resources\classes\dx\texture">
      <UniqueIdentifier>{cb4972b5-da99-462e-beb8-06f068e53dd3}</UniqueIdentifier>
    </Filter>
    <Filter Include="resources\classes\dx\texture\dds_loader">
      <UniqueIdentifier>{afd07b3e-f2e4-4738-9a86-03edb70d639f}</UniqueIdentifier>
    </Filter>
    <Filter Include="resources\classes\dx\texture\cook">
      <UniqueIdentifier>{236b8d99-e61c-417d-b511-64ba743eabad}</UniqueIdentifier>
    </Filter>
    <Filter Include="resources\classes\models">
      <UniqueIdentifier>{603cb7ff-9713-4322-857b-78e8f21e0031}</UniqueIdentifier>
    </Filter>
    <Filter Include="resources\classes\models\mesh">
      <UniqueIdentifier>{613d9a55-9122-48ac-8045-77d5b423bb92}</UniqueIdentifier>
    </Filter>
    <Filter Include="resources\classes\models\mesh\cook">
      <UniqueIdentifier>{6fd64af7-837f-4645-898c-8c7dcd35903f}</UniqueIdentifier>
    </Filter>
    <Filter Include="dx12\utils\allocators">
      <UniqueIdentifier>{1b725e4d-a764-4bac-9ea7-1ce2b016d519}</UniqueIdentifier>
    </Filter>
    <Filter Include="dx12\utils\allocators\heap">
      <UniqueIdentifier>{727ffb05-aa1b-4196-9172-3564a8db83dc}</UniqueIdentifier>
    </Filter>
    <Filter Include="dx12\utils\allocators\pool">
      <UniqueIdentifier>{e5fd25fc-6db2-4fc0-8139-fc26f48d246a}</UniqueIdentifier>
    </Filter>
    <Filter Include="dx12\utils\allocators\double_pool">
      <UniqueIdentifier>{53bd9fdf-bbaa-4a9e-b639-fb59fa44280e}</UniqueIdentifier>
    </Filter>
    <Filter Include="render\effects">
      <UniqueIdentifier>{119aa326-0705-4729-99be-e6d2d63adc88}</UniqueIdentifier>
    </Filter>
    <Filter Include="render\effects\generate_mesh_arguments">
      <UniqueIdentifier>{b0a944b5-5553-4c21-bc67-029a78b03bb9}</UniqueIdentifier>
    </Filter>
    <Filter Include="render\effects\render_mesh_objects">
      <UniqueIdentifier>{81eca212-0038-48d5-ba8b-d7524b2b16aa}</UniqueIdentifier>
    </Filter>
    <Filter Include="render\effects\shade">
      <UniqueIdentifier>{3cc97134-59d2-49a6-ad75-3954c1f771f0}</UniqueIdentifier>
    </Filter>
    <Filter Include="api">
      <UniqueIdentifier>{eb12d2bc-2196-4b2c-99a4-b942efaacedf}</UniqueIdentifier>
    </Filter>
    <Filter Include="render\camera">
      <UniqueIdentifier>{14fef490-01c9-4cc3-abcf-8e4f3cab34f6}</UniqueIdentifier>
    </Filter>
    <Filter Include="resources\render_allocator">
      <UniqueIdentifier>{670cc264-7622-4f51-b2f5-663c51a6cacd}</UniqueIdentifier>
    </Filter>
    <Filter Include="render\effects\render_ui">
      <UniqueIdentifier>{37d4cd46-a147-4153-94bd-0a31e7056000}</UniqueIdentifier>
    </Filter>
    <Filter Include="render\statistics">
      <UniqueIdentifier>{7d865498-6e3f-4efe-a460-cf3c06f0cfec}</UniqueIdentifier>
    </Filter>
    <Filter Include="render\ui_processor">
      <UniqueIdentifier>{53a4a161-f8fc-4cad-8226-54141297fd41}</UniqueIdentifier>
    </Filter>
    <Filter Include="dx12\wrappers\query_heap">
      <UniqueIdentifier>{3196491f-bac2-4e52-92fc-ab17fd3e3739}</UniqueIdentifier>
    </Filter>
  </ItemGroup>
  <ItemGroup>
    <ClCompile Include="mesh.cpp">
      <Filter>resources\classes\dx\mesh</Filter>
    </ClCompile>
    <ClCompile Include="texture.cpp">
      <Filter>resources\classes\dx\texture</Filter>
    </ClCompile>
    <ClCompile Include="object.cpp">
      <Filter>resources\classes\object</Filter>
    </ClCompile>
    <ClCompile Include="scene.cpp">
      <Filter>resources\classes\scene</Filter>
    </ClCompile>
    <ClCompile Include="resources.cpp">
      <Filter>resources</Filter>
    </ClCompile>
    <ClCompile Include="camera.cpp">
      <Filter>render\camera</Filter>
    </ClCompile>
    <ClCompile Include="parameters.cpp">
      <Filter>parameters</Filter>
    </ClCompile>
    <ClCompile Include="parameters_manager.cpp">
      <Filter>parameters</Filter>
    </ClCompile>
    <ClCompile Include="dds_loader.cpp">
      <Filter>resources\classes\dx\texture\dds_loader</Filter>
    </ClCompile>
    <ClCompile Include="texture_cook.cpp">
      <Filter>resources\classes\dx\texture\cook</Filter>
    </ClCompile>
    <ClCompile Include="mesh_cook.cpp">
      <Filter>resources\classes\dx\mesh\cook</Filter>
    </ClCompile>
    <ClCompile Include="model_mesh_cook.cpp">
      <Filter>resources\classes\models\mesh\cook</Filter>
    </ClCompile>
    <ClCompile Include="model_mesh.cpp">
      <Filter>resources\classes\models\mesh</Filter>
    </ClCompile>
    <ClCompile Include="render_object_mesh.cpp">
      <Filter>resources\classes\object\render_objects\mesh</Filter>
    </ClCompile>
    <ClCompile Include="handles.cpp">
      <Filter>resources\classes</Filter>
    </ClCompile>
    <ClCompile Include="object_cook.cpp">
      <Filter>resources\classes\object\cook</Filter>
    </ClCompile>
    <ClCompile Include="scene_cook.cpp">
      <Filter>resources\classes\scene\cook</Filter>
    </ClCompile>
    <ClCompile Include="dx.cpp">
      <Filter>dx12\wrappers\dx</Filter>
    </ClCompile>
    <ClCompile Include="dx12.cpp">
      <Filter>dx12\wrappers\dx12</Filter>
    </ClCompile>
    <ClCompile Include="dx_command_allocator.cpp">
      <Filter>dx12\wrappers\command_allocator</Filter>
    </ClCompile>
    <ClCompile Include="dx_command_list.cpp">
      <Filter>dx12\wrappers\command_list</Filter>
    </ClCompile>
    <ClCompile Include="dx_pipeline_state.cpp">
      <Filter>dx12\wrappers\pipeline_state</Filter>
    </ClCompile>
    <ClCompile Include="dx_heap.cpp">
      <Filter>dx12\wrappers\heap</Filter>
    </ClCompile>
    <ClCompile Include="dx_desciptor_heap.cpp">
      <Filter>dx12\wrappers\descriptor_heap</Filter>
    </ClCompile>
    <ClCompile Include="dx_resource.cpp">
      <Filter>dx12\wrappers\resource</Filter>
    </ClCompile>
    <ClCompile Include="render.cpp">
      <Filter>render</Filter>
    </ClCompile>
    <ClCompile Include="dx_root_signature.cpp">
      <Filter>dx12\wrappers\root_signature</Filter>
    </ClCompile>
    <ClCompile Include="dx_command_signature.cpp">
      <Filter>dx12\wrappers\command_signature</Filter>
    </ClCompile>
    <ClCompile Include="shader_cook.cpp">
      <Filter>dx12\utils\pipeline_state\shader_cook</Filter>
    </ClCompile>
    <ClCompile Include="pipeline_state.cpp">
      <Filter>dx12\utils\pipeline_state</Filter>
    </ClCompile>
    <ClCompile Include="gpu_uploader.cpp">
      <Filter>dx12\utils\uploader</Filter>
    </ClCompile>
    <ClCompile Include="dx_fence.cpp">
      <Filter>dx12\wrappers\fence</Filter>
    </ClCompile>
    <ClCompile Include="gpu_heap_allocator.cpp">
      <Filter>dx12\utils\allocators\heap</Filter>
    </ClCompile>
    <ClCompile Include="gpu_pool_allocator.cpp">
      <Filter>dx12\utils\allocators\pool</Filter>
    </ClCompile>
    <ClCompile Include="gpu_double_pool_allocator.cpp">
      <Filter>dx12\utils\allocators\double_pool</Filter>
    </ClCompile>
    <ClCompile Include="generate_mesh_arguments_effect_cook.cpp">
      <Filter>render\effects\generate_mesh_arguments</Filter>
    </ClCompile>
    <ClCompile Include="render_mesh_objects_effect_cook.cpp">
      <Filter>render\effects\render_mesh_objects</Filter>
    </ClCompile>
    <ClCompile Include="shade_effect_cook.cpp">
      <Filter>render\effects\shade</Filter>
    </ClCompile>
    <ClCompile Include="api.cpp">
      <Filter>api</Filter>
    </ClCompile>
    <ClCompile Include="render_allocator.cpp">
      <Filter>resources\render_allocator</Filter>
    </ClCompile>
    <ClCompile Include="ui_processor.cpp">
      <Filter>render\ui_processor</Filter>
    </ClCompile>
    <ClCompile Include="render_ui_effect_cook.cpp">
      <Filter>render\effects\render_ui</Filter>
    </ClCompile>
    <ClCompile Include="statistics.cpp">
      <Filter>render\statistics</Filter>
    </ClCompile>
    <ClCompile Include="dx_query_heap.cpp">
      <Filter>dx12\wrappers\query_heap</Filter>
    </ClCompile>
  </ItemGroup>
  <ItemGroup>
    <ClInclude Include="mesh.h">
      <Filter>resources\classes\dx\mesh</Filter>
    </ClInclude>
    <ClInclude Include="texture.h">
      <Filter>resources\classes\dx\texture</Filter>
    </ClInclude>
    <ClInclude Include="mesh_box.h">
      <Filter>resources\classes\dx\mesh\cook\default_mesh_data</Filter>
    </ClInclude>
    <ClInclude Include="object.h">
      <Filter>resources\classes\object</Filter>
    </ClInclude>
    <ClInclude Include="scene.h">
      <Filter>resources\classes\scene</Filter>
    </ClInclude>
    <ClInclude Include="resources.h">
      <Filter>resources</Filter>
    </ClInclude>
    <ClInclude Include="camera.h">
      <Filter>render\camera</Filter>
    </ClInclude>
    <ClInclude Include="parameters.h">
      <Filter>parameters</Filter>
    </ClInclude>
    <ClInclude Include="parameters_manager.h">
      <Filter>parameters</Filter>
    </ClInclude>
    <ClInclude Include="parameters_type.h">
      <Filter>parameters</Filter>
    </ClInclude>
    <ClInclude Include="dds_loader.h">
      <Filter>resources\classes\dx\texture\dds_loader</Filter>
    </ClInclude>
    <ClInclude Include="texture_cook.h">
      <Filter>resources\classes\dx\texture\cook</Filter>
    </ClInclude>
    <ClInclude Include="mesh_cook.h">
      <Filter>resources\classes\dx\mesh\cook</Filter>
    </ClInclude>
    <ClInclude Include="model_mesh_cook.h">
      <Filter>resources\classes\models\mesh\cook</Filter>
    </ClInclude>
    <ClInclude Include="model_mesh.h">
      <Filter>resources\classes\models\mesh</Filter>
    </ClInclude>
    <ClInclude Include="mesh_quad.h">
      <Filter>resources\classes\dx\mesh\cook\default_mesh_data</Filter>
    </ClInclude>
    <ClInclude Include="render_object_mesh.h">
      <Filter>resources\classes\object\render_objects\mesh</Filter>
    </ClInclude>
    <ClInclude Include="handles.h">
      <Filter>resources\classes</Filter>
    </ClInclude>
    <ClInclude Include="object_cook.h">
      <Filter>resources\classes\object\cook</Filter>
    </ClInclude>
    <ClInclude Include="scene_cook.h">
      <Filter>resources\classes\scene\cook</Filter>
    </ClInclude>
    <ClInclude Include="dx.h">
      <Filter>dx12\wrappers\dx</Filter>
    </ClInclude>
    <ClInclude Include="dx12.h">
      <Filter>dx12\wrappers\dx12</Filter>
    </ClInclude>
    <ClInclude Include="dx_command_allocator.h">
      <Filter>dx12\wrappers\command_allocator</Filter>
    </ClInclude>
    <ClInclude Include="dx_command_list.h">
      <Filter>dx12\wrappers\command_list</Filter>
    </ClInclude>
    <ClInclude Include="dx_pipeline_state.h">
      <Filter>dx12\wrappers\pipeline_state</Filter>
    </ClInclude>
    <ClInclude Include="dx_heap.h">
      <Filter>dx12\wrappers\heap</Filter>
    </ClInclude>
    <ClInclude Include="dx_descriptor_heap.h">
      <Filter>dx12\wrappers\descriptor_heap</Filter>
    </ClInclude>
    <ClInclude Include="dx_resource.h">
      <Filter>dx12\wrappers\resource</Filter>
    </ClInclude>
    <ClInclude Include="render.h">
      <Filter>render</Filter>
    </ClInclude>
    <ClInclude Include="dx_root_signature.h">
      <Filter>dx12\wrappers\root_signature</Filter>
    </ClInclude>
    <ClInclude Include="dx_command_signature.h">
      <Filter>dx12\wrappers\command_signature</Filter>
    </ClInclude>
    <ClInclude Include="shader_cook.h">
      <Filter>dx12\utils\pipeline_state\shader_cook</Filter>
    </ClInclude>
    <ClInclude Include="pipeline_state.h">
      <Filter>dx12\utils\pipeline_state</Filter>
    </ClInclude>
    <ClInclude Include="gpu_uploader.h">
      <Filter>dx12\utils\uploader</Filter>
    </ClInclude>
    <ClInclude Include="dx_fence.h">
      <Filter>dx12\wrappers\fence</Filter>
    </ClInclude>
    <ClInclude Include="gpu_heap_allocator.h">
      <Filter>dx12\utils\allocators\heap</Filter>
    </ClInclude>
    <ClInclude Include="gpu_pool_allocator.h">
      <Filter>dx12\utils\allocators\pool</Filter>
    </ClInclude>
    <ClInclude Include="gpu_structures.h">
      <Filter>resources</Filter>
    </ClInclude>
    <ClInclude Include="gpu_double_pool_allocator.h">
      <Filter>dx12\utils\allocators\double_pool</Filter>
    </ClInclude>
    <ClInclude Include="generate_mesh_arguments_effect_cook.h">
      <Filter>render\effects\generate_mesh_arguments</Filter>
    </ClInclude>
    <ClInclude Include="render_mesh_objects_effect_cook.h">
      <Filter>render\effects\render_mesh_objects</Filter>
    </ClInclude>
    <ClInclude Include="shade_effect_cook.h">
      <Filter>render\effects\shade</Filter>
    </ClInclude>
    <ClInclude Include="api.h">
      <Filter>api</Filter>
    </ClInclude>
    <ClInclude Include="render_allocator.h">
      <Filter>resources\render_allocator</Filter>
    </ClInclude>
    <ClInclude Include="object_inline.h">
      <Filter>resources\classes\object</Filter>
    </ClInclude>
    <ClInclude Include="ui_processor.h">
      <Filter>render\ui_processor</Filter>
    </ClInclude>
    <ClInclude Include="render_ui_effect_cook.h">
      <Filter>render\effects\render_ui</Filter>
    </ClInclude>
    <ClInclude Include="statistics.h">
      <Filter>render\statistics</Filter>
    </ClInclude>
    <ClInclude Include="dx_query_heap.h">
      <Filter>dx12\wrappers\query_heap</Filter>
    </ClInclude>
  </ItemGroup>
</Project>