<?xml version="1.0" encoding="utf-8"?>
<Project ToolsVersion="4.0" xmlns="http://schemas.microsoft.com/developer/msbuild/2003">
  <ItemGroup>
    <ClCompile Include="main.cpp" />
    <ClCompile Include="resource_compiler.cpp" />
    <ClCompile Include="fbx_compiler.cpp">
      <Filter>fbx_compiler</Filter>
    </ClCompile>
    <ClCompile Include="texture_compiler.cpp">
      <Filter>texture_compiler</Filter>
    </ClCompile>
    <ClCompile Include="config_compiler.cpp">
      <Filter>config_compiler</Filter>
    </ClCompile>
    <ClCompile Include="config_compiler_types.cpp">
      <Filter>config_compiler</Filter>
    </ClCompile>
    <ClCompile Include="config_compiler_common.cpp">
      <Filter>config_compiler</Filter>
    </ClCompile>
  </ItemGroup>
  <ItemGroup>
    <ClInclude Include="resource_compiler.h" />
    <ClInclude Include="texture_compiler.h">
      <Filter>texture_compiler</Filter>
    </ClInclude>
    <ClInclude Include="fbx_compiler.h">
      <Filter>fbx_compiler</Filter>
    </ClInclude>
    <ClInclude Include="config_compiler.h">
      <Filter>config_compiler</Filter>
    </ClInclude>
    <ClInclude Include="config_compiler_macros.h">
      <Filter>config_compiler</Filter>
    </ClInclude>
    <ClInclude Include="config_compiler_common.h">
      <Filter>config_compiler</Filter>
    </ClInclude>
  </ItemGroup>
  <ItemGroup>
    <Filter Include="fbx_compiler">
      <UniqueIdentifier>{60b1dafa-4bd0-45e4-afb2-41b7f267696c}</UniqueIdentifier>
    </Filter>
    <Filter Include="texture_compiler">
      <UniqueIdentifier>{3ee34265-f827-473d-abc4-c7dab8826cbd}</UniqueIdentifier>
    </Filter>
    <Filter Include="config_compiler">
      <UniqueIdentifier>{e281983f-e584-41b2-b9f5-af70dd01a994}</UniqueIdentifier>
    </Filter>
  </ItemGroup>
</Project>