<?xml version="1.0" encoding="utf-8"?>
<Project ToolsVersion="4.0" xmlns="http://schemas.microsoft.com/developer/msbuild/2003">
  <ItemGroup>
    <ClCompile Include="main.cpp" />
    <ClCompile Include="resource_compiler.cpp" />
    <ClCompile Include="texture_compiler.cpp">
      <Filter>texture_compiler</Filter>
    </ClCompile>
    <ClCompile Include="config_compiler.cpp">
      <Filter>config_compiler</Filter>
    </ClCompile>
    <ClCompile Include="config_compiler_types.cpp">
      <Filter>config_compiler</Filter>
    </ClCompile>
    <ClCompile Include="config_compiler_common.cpp">
      <Filter>config_compiler</Filter>
    </ClCompile>
    <ClCompile Include="obj_compiler.cpp">
      <Filter>obj_compiler</Filter>
    </ClCompile>
    <ClCompile Include="scene_compile_utils.cpp">
      <Filter>common</Filter>
    </ClCompile>
    <ClCompile Include="gltf_compiler.cpp">
      <Filter>gltf_compiler</Filter>
    </ClCompile>
  </ItemGroup>
  <ItemGroup>
    <ClInclude Include="resource_compiler.h" />
    <ClInclude Include="texture_compiler.h">
      <Filter>texture_compiler</Filter>
    </ClInclude>
    <ClInclude Include="config_compiler.h">
      <Filter>config_compiler</Filter>
    </ClInclude>
    <ClInclude Include="config_compiler_macros.h">
      <Filter>config_compiler</Filter>
    </ClInclude>
    <ClInclude Include="config_compiler_common.h">
      <Filter>config_compiler</Filter>
    </ClInclude>
    <ClInclude Include="obj_compiler.h">
      <Filter>obj_compiler</Filter>
    </ClInclude>
    <ClInclude Include="scene_compile_utils.h">
      <Filter>common</Filter>
    </ClInclude>
    <ClInclude Include="gltf_compiler.h">
      <Filter>gltf_compiler</Filter>
    </ClInclude>
  </ItemGroup>
  <ItemGroup>
    <Filter Include="texture_compiler">
      <UniqueIdentifier>{3ee34265-f827-473d-abc4-c7dab8826cbd}</UniqueIdentifier>
    </Filter>
    <Filter Include="config_compiler">
      <UniqueIdentifier>{e281983f-e584-41b2-b9f5-af70dd01a994}</UniqueIdentifier>
    </Filter>
    <Filter Include="obj_compiler">
      <UniqueIdentifier>{622201d7-b91e-4dfe-86f3-68a38348b1fc}</UniqueIdentifier>
    </Filter>
    <Filter Include="common">
      <UniqueIdentifier>{9ec9da85-7aac-4bc8-b942-966d1890ccfb}</UniqueIdentifier>
    </Filter>
    <Filter Include="gltf_compiler">
      <UniqueIdentifier>{41ebe3a8-d571-4ccb-bf62-db8971f0242a}</UniqueIdentifier>
    </Filter>
  </ItemGroup>
</Project>